
Microsoft Visual Studio Solution File, Format Version 12.00
# Visual Studio Version 17
VisualStudioVersion = 17.9.34902.65
MinimumVisualStudioVersion = 15.0.26124.0
Project("{9A19103F-16F7-4668-BE54-9A1E7A4F7556}") = "Core", "src\Core\Core.csproj", "{26E49992-42E1-42FB-9B3E-1F29B7C3D32A}"
EndProject
Project("{9A19103F-16F7-4668-BE54-9A1E7A4F7556}") = "Storage.MongoDB", "src\Storage.MongoDB\Storage.MongoDB.csproj", "{BE0C448E-F3DD-444B-BFAF-54DAD9D62B14}"
EndProject
Project("{9A19103F-16F7-4668-BE54-9A1E7A4F7556}") = "Extensions.HotChocolate", "src\Extensions.HotChocolate\Extensions.HotChocolate.csproj", "{12BC2B57-D9B4-43B9-B3AE-02424003C1D9}"
EndProject
Project("{2150E333-8FDC-42A3-9474-1A3956D46DE8}") = "src", "src", "{5569CF44-1804-4ECD-9326-6F085F51CC53}"
EndProject
Project("{2150E333-8FDC-42A3-9474-1A3956D46DE8}") = "test", "test", "{D1C5C7E1-7DCC-4AB3-8D49-8F8DE13F621C}"
EndProject
Project("{2150E333-8FDC-42A3-9474-1A3956D46DE8}") = "Solution Items", "Solution Items", "{FB701F95-5B82-47D6-880C-93A469D5EA8B}"
	ProjectSection(SolutionItems) = preProject
		Directory.Build.props = Directory.Build.props
		Directory.Packages.props = Directory.Packages.props
		test\TestProject.props = test\TestProject.props
	EndProjectSection
EndProject
Project("{9A19103F-16F7-4668-BE54-9A1E7A4F7556}") = "Extensions.Http", "src\Extensions.Http\Extensions.Http.csproj", "{17CF115A-3A4D-48CC-9D56-EBB32E9AC67C}"
EndProject
Project("{9A19103F-16F7-4668-BE54-9A1E7A4F7556}") = "Core.Tests", "test\Core.Tests\Core.Tests.csproj", "{2F23DF97-1603-4AC0-A05D-991BCCB4A676}"
EndProject
Project("{FAE04EC0-301F-11D3-BF4B-00C04F79EFBC}") = "Compatibility.V8", "src\Compatibility.V8\Compatibility.V8.csproj", "{0F413F9A-DF6A-4693-AE67-A145795CEF5C}"
EndProject
Project("{FAE04EC0-301F-11D3-BF4B-00C04F79EFBC}") = "Compatibility.V8.MongoDB", "src\Compatibility.V8.MongoDB\Compatibility.V8.MongoDB.csproj", "{2B5AD909-B5C7-4E74-9244-325777A0E8F8}"
EndProject
Project("{FAE04EC0-301F-11D3-BF4B-00C04F79EFBC}") = "IntegrationTests", "test\IntegrationTests\IntegrationTests.csproj", "{BA74B0F8-81FF-448F-9E66-E9949CAA267A}"
EndProject
Project("{2150E333-8FDC-42A3-9474-1A3956D46DE8}") = "samples", "samples", "{5D20AA90-6969-D8BD-9DCD-8634F4692FDA}"
EndProject
Project("{2150E333-8FDC-42A3-9474-1A3956D46DE8}") = "Endpoint_SecuredUrl", "Endpoint_SecuredUrl", "{A9CF20A9-E88C-1487-4FDD-DC3CACEF8CC1}"
EndProject
Project("{FAE04EC0-301F-11D3-BF4B-00C04F79EFBC}") = "Endpoint.SecuredUrl", "samples\Endpoint_SecuredUrl\Endpoint.SecuredUrl.csproj", "{55C7BDF7-0815-4F21-9655-881F600B05B0}"
EndProject
Project("{2150E333-8FDC-42A3-9474-1A3956D46DE8}") = "HotChocolate_FileDownload", "HotChocolate_FileDownload", "{F08753B1-4187-9D0D-7DB0-293BC8A3F0C6}"
EndProject
Project("{FAE04EC0-301F-11D3-BF4B-00C04F79EFBC}") = "HotChocolate.FileDownload", "samples\HotChocolate_FileDownload\HotChocolate.FileDownload.csproj", "{5A5B3F60-2BE5-469D-8B98-2ACBBAD1E741}"
EndProject
Project("{2150E333-8FDC-42A3-9474-1A3956D46DE8}") = "HotChocolate_SecuredArgument", "HotChocolate_SecuredArgument", "{9F91D092-EF07-9F84-106B-2B330B47D5F6}"
EndProject
Project("{FAE04EC0-301F-11D3-BF4B-00C04F79EFBC}") = "HotChocolate.SecuredArgument", "samples\HotChocolate_SecuredArgument\HotChocolate.SecuredArgument.csproj", "{9323B934-AB82-4F96-91D2-3B36A0A45007}"
EndProject
Global
	GlobalSection(SolutionConfigurationPlatforms) = preSolution
		Debug|Any CPU = Debug|Any CPU
		Debug|x64 = Debug|x64
		Debug|x86 = Debug|x86
		Release|Any CPU = Release|Any CPU
		Release|x64 = Release|x64
		Release|x86 = Release|x86
	EndGlobalSection
	GlobalSection(ProjectConfigurationPlatforms) = postSolution
		{26E49992-42E1-42FB-9B3E-1F29B7C3D32A}.Debug|Any CPU.ActiveCfg = Debug|Any CPU
		{26E49992-42E1-42FB-9B3E-1F29B7C3D32A}.Debug|Any CPU.Build.0 = Debug|Any CPU
		{26E49992-42E1-42FB-9B3E-1F29B7C3D32A}.Debug|x64.ActiveCfg = Debug|Any CPU
		{26E49992-42E1-42FB-9B3E-1F29B7C3D32A}.Debug|x64.Build.0 = Debug|Any CPU
		{26E49992-42E1-42FB-9B3E-1F29B7C3D32A}.Debug|x86.ActiveCfg = Debug|Any CPU
		{26E49992-42E1-42FB-9B3E-1F29B7C3D32A}.Debug|x86.Build.0 = Debug|Any CPU
		{26E49992-42E1-42FB-9B3E-1F29B7C3D32A}.Release|Any CPU.ActiveCfg = Release|Any CPU
		{26E49992-42E1-42FB-9B3E-1F29B7C3D32A}.Release|Any CPU.Build.0 = Release|Any CPU
		{26E49992-42E1-42FB-9B3E-1F29B7C3D32A}.Release|x64.ActiveCfg = Release|Any CPU
		{26E49992-42E1-42FB-9B3E-1F29B7C3D32A}.Release|x64.Build.0 = Release|Any CPU
		{26E49992-42E1-42FB-9B3E-1F29B7C3D32A}.Release|x86.ActiveCfg = Release|Any CPU
		{26E49992-42E1-42FB-9B3E-1F29B7C3D32A}.Release|x86.Build.0 = Release|Any CPU
		{BE0C448E-F3DD-444B-BFAF-54DAD9D62B14}.Debug|Any CPU.ActiveCfg = Debug|Any CPU
		{BE0C448E-F3DD-444B-BFAF-54DAD9D62B14}.Debug|Any CPU.Build.0 = Debug|Any CPU
		{BE0C448E-F3DD-444B-BFAF-54DAD9D62B14}.Debug|x64.ActiveCfg = Debug|Any CPU
		{BE0C448E-F3DD-444B-BFAF-54DAD9D62B14}.Debug|x64.Build.0 = Debug|Any CPU
		{BE0C448E-F3DD-444B-BFAF-54DAD9D62B14}.Debug|x86.ActiveCfg = Debug|Any CPU
		{BE0C448E-F3DD-444B-BFAF-54DAD9D62B14}.Debug|x86.Build.0 = Debug|Any CPU
		{BE0C448E-F3DD-444B-BFAF-54DAD9D62B14}.Release|Any CPU.ActiveCfg = Release|Any CPU
		{BE0C448E-F3DD-444B-BFAF-54DAD9D62B14}.Release|Any CPU.Build.0 = Release|Any CPU
		{BE0C448E-F3DD-444B-BFAF-54DAD9D62B14}.Release|x64.ActiveCfg = Release|Any CPU
		{BE0C448E-F3DD-444B-BFAF-54DAD9D62B14}.Release|x64.Build.0 = Release|Any CPU
		{BE0C448E-F3DD-444B-BFAF-54DAD9D62B14}.Release|x86.ActiveCfg = Release|Any CPU
		{BE0C448E-F3DD-444B-BFAF-54DAD9D62B14}.Release|x86.Build.0 = Release|Any CPU
		{12BC2B57-D9B4-43B9-B3AE-02424003C1D9}.Debug|Any CPU.ActiveCfg = Debug|Any CPU
		{12BC2B57-D9B4-43B9-B3AE-02424003C1D9}.Debug|Any CPU.Build.0 = Debug|Any CPU
		{12BC2B57-D9B4-43B9-B3AE-02424003C1D9}.Debug|x64.ActiveCfg = Debug|Any CPU
		{12BC2B57-D9B4-43B9-B3AE-02424003C1D9}.Debug|x64.Build.0 = Debug|Any CPU
		{12BC2B57-D9B4-43B9-B3AE-02424003C1D9}.Debug|x86.ActiveCfg = Debug|Any CPU
		{12BC2B57-D9B4-43B9-B3AE-02424003C1D9}.Debug|x86.Build.0 = Debug|Any CPU
		{12BC2B57-D9B4-43B9-B3AE-02424003C1D9}.Release|Any CPU.ActiveCfg = Release|Any CPU
		{12BC2B57-D9B4-43B9-B3AE-02424003C1D9}.Release|Any CPU.Build.0 = Release|Any CPU
		{12BC2B57-D9B4-43B9-B3AE-02424003C1D9}.Release|x64.ActiveCfg = Release|Any CPU
		{12BC2B57-D9B4-43B9-B3AE-02424003C1D9}.Release|x64.Build.0 = Release|Any CPU
		{12BC2B57-D9B4-43B9-B3AE-02424003C1D9}.Release|x86.ActiveCfg = Release|Any CPU
		{12BC2B57-D9B4-43B9-B3AE-02424003C1D9}.Release|x86.Build.0 = Release|Any CPU
		{17CF115A-3A4D-48CC-9D56-EBB32E9AC67C}.Debug|Any CPU.ActiveCfg = Debug|Any CPU
		{17CF115A-3A4D-48CC-9D56-EBB32E9AC67C}.Debug|Any CPU.Build.0 = Debug|Any CPU
		{17CF115A-3A4D-48CC-9D56-EBB32E9AC67C}.Debug|x64.ActiveCfg = Debug|Any CPU
		{17CF115A-3A4D-48CC-9D56-EBB32E9AC67C}.Debug|x64.Build.0 = Debug|Any CPU
		{17CF115A-3A4D-48CC-9D56-EBB32E9AC67C}.Debug|x86.ActiveCfg = Debug|Any CPU
		{17CF115A-3A4D-48CC-9D56-EBB32E9AC67C}.Debug|x86.Build.0 = Debug|Any CPU
		{17CF115A-3A4D-48CC-9D56-EBB32E9AC67C}.Release|Any CPU.ActiveCfg = Release|Any CPU
		{17CF115A-3A4D-48CC-9D56-EBB32E9AC67C}.Release|Any CPU.Build.0 = Release|Any CPU
		{17CF115A-3A4D-48CC-9D56-EBB32E9AC67C}.Release|x64.ActiveCfg = Release|Any CPU
		{17CF115A-3A4D-48CC-9D56-EBB32E9AC67C}.Release|x64.Build.0 = Release|Any CPU
		{17CF115A-3A4D-48CC-9D56-EBB32E9AC67C}.Release|x86.ActiveCfg = Release|Any CPU
		{17CF115A-3A4D-48CC-9D56-EBB32E9AC67C}.Release|x86.Build.0 = Release|Any CPU
		{2F23DF97-1603-4AC0-A05D-991BCCB4A676}.Debug|Any CPU.ActiveCfg = Debug|Any CPU
		{2F23DF97-1603-4AC0-A05D-991BCCB4A676}.Debug|Any CPU.Build.0 = Debug|Any CPU
		{2F23DF97-1603-4AC0-A05D-991BCCB4A676}.Debug|x64.ActiveCfg = Debug|Any CPU
		{2F23DF97-1603-4AC0-A05D-991BCCB4A676}.Debug|x64.Build.0 = Debug|Any CPU
		{2F23DF97-1603-4AC0-A05D-991BCCB4A676}.Debug|x86.ActiveCfg = Debug|Any CPU
		{2F23DF97-1603-4AC0-A05D-991BCCB4A676}.Debug|x86.Build.0 = Debug|Any CPU
		{2F23DF97-1603-4AC0-A05D-991BCCB4A676}.Release|Any CPU.ActiveCfg = Release|Any CPU
		{2F23DF97-1603-4AC0-A05D-991BCCB4A676}.Release|Any CPU.Build.0 = Release|Any CPU
		{2F23DF97-1603-4AC0-A05D-991BCCB4A676}.Release|x64.ActiveCfg = Release|Any CPU
		{2F23DF97-1603-4AC0-A05D-991BCCB4A676}.Release|x64.Build.0 = Release|Any CPU
		{2F23DF97-1603-4AC0-A05D-991BCCB4A676}.Release|x86.ActiveCfg = Release|Any CPU
		{2F23DF97-1603-4AC0-A05D-991BCCB4A676}.Release|x86.Build.0 = Release|Any CPU
		{0F413F9A-DF6A-4693-AE67-A145795CEF5C}.Debug|Any CPU.ActiveCfg = Debug|Any CPU
		{0F413F9A-DF6A-4693-AE67-A145795CEF5C}.Debug|Any CPU.Build.0 = Debug|Any CPU
		{0F413F9A-DF6A-4693-AE67-A145795CEF5C}.Debug|x64.ActiveCfg = Debug|Any CPU
		{0F413F9A-DF6A-4693-AE67-A145795CEF5C}.Debug|x64.Build.0 = Debug|Any CPU
		{0F413F9A-DF6A-4693-AE67-A145795CEF5C}.Debug|x86.ActiveCfg = Debug|Any CPU
		{0F413F9A-DF6A-4693-AE67-A145795CEF5C}.Debug|x86.Build.0 = Debug|Any CPU
		{0F413F9A-DF6A-4693-AE67-A145795CEF5C}.Release|Any CPU.ActiveCfg = Release|Any CPU
		{0F413F9A-DF6A-4693-AE67-A145795CEF5C}.Release|Any CPU.Build.0 = Release|Any CPU
		{0F413F9A-DF6A-4693-AE67-A145795CEF5C}.Release|x64.ActiveCfg = Release|Any CPU
		{0F413F9A-DF6A-4693-AE67-A145795CEF5C}.Release|x64.Build.0 = Release|Any CPU
		{0F413F9A-DF6A-4693-AE67-A145795CEF5C}.Release|x86.ActiveCfg = Release|Any CPU
		{0F413F9A-DF6A-4693-AE67-A145795CEF5C}.Release|x86.Build.0 = Release|Any CPU
		{2B5AD909-B5C7-4E74-9244-325777A0E8F8}.Debug|Any CPU.ActiveCfg = Debug|Any CPU
		{2B5AD909-B5C7-4E74-9244-325777A0E8F8}.Debug|Any CPU.Build.0 = Debug|Any CPU
		{2B5AD909-B5C7-4E74-9244-325777A0E8F8}.Debug|x64.ActiveCfg = Debug|Any CPU
		{2B5AD909-B5C7-4E74-9244-325777A0E8F8}.Debug|x64.Build.0 = Debug|Any CPU
		{2B5AD909-B5C7-4E74-9244-325777A0E8F8}.Debug|x86.ActiveCfg = Debug|Any CPU
		{2B5AD909-B5C7-4E74-9244-325777A0E8F8}.Debug|x86.Build.0 = Debug|Any CPU
		{2B5AD909-B5C7-4E74-9244-325777A0E8F8}.Release|Any CPU.ActiveCfg = Release|Any CPU
		{2B5AD909-B5C7-4E74-9244-325777A0E8F8}.Release|Any CPU.Build.0 = Release|Any CPU
		{2B5AD909-B5C7-4E74-9244-325777A0E8F8}.Release|x64.ActiveCfg = Release|Any CPU
		{2B5AD909-B5C7-4E74-9244-325777A0E8F8}.Release|x64.Build.0 = Release|Any CPU
		{2B5AD909-B5C7-4E74-9244-325777A0E8F8}.Release|x86.ActiveCfg = Release|Any CPU
		{2B5AD909-B5C7-4E74-9244-325777A0E8F8}.Release|x86.Build.0 = Release|Any CPU
		{BA74B0F8-81FF-448F-9E66-E9949CAA267A}.Debug|Any CPU.ActiveCfg = Debug|Any CPU
		{BA74B0F8-81FF-448F-9E66-E9949CAA267A}.Debug|Any CPU.Build.0 = Debug|Any CPU
		{BA74B0F8-81FF-448F-9E66-E9949CAA267A}.Debug|x64.ActiveCfg = Debug|Any CPU
		{BA74B0F8-81FF-448F-9E66-E9949CAA267A}.Debug|x64.Build.0 = Debug|Any CPU
		{BA74B0F8-81FF-448F-9E66-E9949CAA267A}.Debug|x86.ActiveCfg = Debug|Any CPU
		{BA74B0F8-81FF-448F-9E66-E9949CAA267A}.Debug|x86.Build.0 = Debug|Any CPU
		{BA74B0F8-81FF-448F-9E66-E9949CAA267A}.Release|Any CPU.ActiveCfg = Release|Any CPU
		{BA74B0F8-81FF-448F-9E66-E9949CAA267A}.Release|Any CPU.Build.0 = Release|Any CPU
		{BA74B0F8-81FF-448F-9E66-E9949CAA267A}.Release|x64.ActiveCfg = Release|Any CPU
		{BA74B0F8-81FF-448F-9E66-E9949CAA267A}.Release|x64.Build.0 = Release|Any CPU
		{BA74B0F8-81FF-448F-9E66-E9949CAA267A}.Release|x86.ActiveCfg = Release|Any CPU
		{BA74B0F8-81FF-448F-9E66-E9949CAA267A}.Release|x86.Build.0 = Release|Any CPU
		{55C7BDF7-0815-4F21-9655-881F600B05B0}.Debug|Any CPU.ActiveCfg = Debug|Any CPU
		{55C7BDF7-0815-4F21-9655-881F600B05B0}.Debug|Any CPU.Build.0 = Debug|Any CPU
		{55C7BDF7-0815-4F21-9655-881F600B05B0}.Debug|x64.ActiveCfg = Debug|Any CPU
		{55C7BDF7-0815-4F21-9655-881F600B05B0}.Debug|x64.Build.0 = Debug|Any CPU
		{55C7BDF7-0815-4F21-9655-881F600B05B0}.Debug|x86.ActiveCfg = Debug|Any CPU
		{55C7BDF7-0815-4F21-9655-881F600B05B0}.Debug|x86.Build.0 = Debug|Any CPU
		{55C7BDF7-0815-4F21-9655-881F600B05B0}.Release|Any CPU.ActiveCfg = Release|Any CPU
		{55C7BDF7-0815-4F21-9655-881F600B05B0}.Release|Any CPU.Build.0 = Release|Any CPU
		{55C7BDF7-0815-4F21-9655-881F600B05B0}.Release|x64.ActiveCfg = Release|Any CPU
		{55C7BDF7-0815-4F21-9655-881F600B05B0}.Release|x64.Build.0 = Release|Any CPU
		{55C7BDF7-0815-4F21-9655-881F600B05B0}.Release|x86.ActiveCfg = Release|Any CPU
		{55C7BDF7-0815-4F21-9655-881F600B05B0}.Release|x86.Build.0 = Release|Any CPU
		{5A5B3F60-2BE5-469D-8B98-2ACBBAD1E741}.Debug|Any CPU.ActiveCfg = Debug|Any CPU
		{5A5B3F60-2BE5-469D-8B98-2ACBBAD1E741}.Debug|Any CPU.Build.0 = Debug|Any CPU
		{5A5B3F60-2BE5-469D-8B98-2ACBBAD1E741}.Debug|x64.ActiveCfg = Debug|Any CPU
		{5A5B3F60-2BE5-469D-8B98-2ACBBAD1E741}.Debug|x64.Build.0 = Debug|Any CPU
		{5A5B3F60-2BE5-469D-8B98-2ACBBAD1E741}.Debug|x86.ActiveCfg = Debug|Any CPU
		{5A5B3F60-2BE5-469D-8B98-2ACBBAD1E741}.Debug|x86.Build.0 = Debug|Any CPU
		{5A5B3F60-2BE5-469D-8B98-2ACBBAD1E741}.Release|Any CPU.ActiveCfg = Release|Any CPU
		{5A5B3F60-2BE5-469D-8B98-2ACBBAD1E741}.Release|Any CPU.Build.0 = Release|Any CPU
		{5A5B3F60-2BE5-469D-8B98-2ACBBAD1E741}.Release|x64.ActiveCfg = Release|Any CPU
		{5A5B3F60-2BE5-469D-8B98-2ACBBAD1E741}.Release|x64.Build.0 = Release|Any CPU
		{5A5B3F60-2BE5-469D-8B98-2ACBBAD1E741}.Release|x86.ActiveCfg = Release|Any CPU
		{5A5B3F60-2BE5-469D-8B98-2ACBBAD1E741}.Release|x86.Build.0 = Release|Any CPU
		{9323B934-AB82-4F96-91D2-3B36A0A45007}.Debug|Any CPU.ActiveCfg = Debug|Any CPU
		{9323B934-AB82-4F96-91D2-3B36A0A45007}.Debug|Any CPU.Build.0 = Debug|Any CPU
		{9323B934-AB82-4F96-91D2-3B36A0A45007}.Debug|x64.ActiveCfg = Debug|Any CPU
		{9323B934-AB82-4F96-91D2-3B36A0A45007}.Debug|x64.Build.0 = Debug|Any CPU
		{9323B934-AB82-4F96-91D2-3B36A0A45007}.Debug|x86.ActiveCfg = Debug|Any CPU
		{9323B934-AB82-4F96-91D2-3B36A0A45007}.Debug|x86.Build.0 = Debug|Any CPU
		{9323B934-AB82-4F96-91D2-3B36A0A45007}.Release|Any CPU.ActiveCfg = Release|Any CPU
		{9323B934-AB82-4F96-91D2-3B36A0A45007}.Release|Any CPU.Build.0 = Release|Any CPU
		{9323B934-AB82-4F96-91D2-3B36A0A45007}.Release|x64.ActiveCfg = Release|Any CPU
		{9323B934-AB82-4F96-91D2-3B36A0A45007}.Release|x64.Build.0 = Release|Any CPU
		{9323B934-AB82-4F96-91D2-3B36A0A45007}.Release|x86.ActiveCfg = Release|Any CPU
		{9323B934-AB82-4F96-91D2-3B36A0A45007}.Release|x86.Build.0 = Release|Any CPU
	EndGlobalSection
	GlobalSection(SolutionProperties) = preSolution
		HideSolutionNode = FALSE
	EndGlobalSection
	GlobalSection(NestedProjects) = preSolution
		{26E49992-42E1-42FB-9B3E-1F29B7C3D32A} = {5569CF44-1804-4ECD-9326-6F085F51CC53}
		{BE0C448E-F3DD-444B-BFAF-54DAD9D62B14} = {5569CF44-1804-4ECD-9326-6F085F51CC53}
		{12BC2B57-D9B4-43B9-B3AE-02424003C1D9} = {5569CF44-1804-4ECD-9326-6F085F51CC53}
		{17CF115A-3A4D-48CC-9D56-EBB32E9AC67C} = {5569CF44-1804-4ECD-9326-6F085F51CC53}
		{2F23DF97-1603-4AC0-A05D-991BCCB4A676} = {D1C5C7E1-7DCC-4AB3-8D49-8F8DE13F621C}
		{0F413F9A-DF6A-4693-AE67-A145795CEF5C} = {5569CF44-1804-4ECD-9326-6F085F51CC53}
		{2B5AD909-B5C7-4E74-9244-325777A0E8F8} = {5569CF44-1804-4ECD-9326-6F085F51CC53}
		{BA74B0F8-81FF-448F-9E66-E9949CAA267A} = {D1C5C7E1-7DCC-4AB3-8D49-8F8DE13F621C}
		{A9CF20A9-E88C-1487-4FDD-DC3CACEF8CC1} = {5D20AA90-6969-D8BD-9DCD-8634F4692FDA}
		{55C7BDF7-0815-4F21-9655-881F600B05B0} = {A9CF20A9-E88C-1487-4FDD-DC3CACEF8CC1}
		{F08753B1-4187-9D0D-7DB0-293BC8A3F0C6} = {5D20AA90-6969-D8BD-9DCD-8634F4692FDA}
		{5A5B3F60-2BE5-469D-8B98-2ACBBAD1E741} = {F08753B1-4187-9D0D-7DB0-293BC8A3F0C6}
		{9F91D092-EF07-9F84-106B-2B330B47D5F6} = {5D20AA90-6969-D8BD-9DCD-8634F4692FDA}
		{9323B934-AB82-4F96-91D2-3B36A0A45007} = {9F91D092-EF07-9F84-106B-2B330B47D5F6}
	EndGlobalSection
	GlobalSection(ExtensibilityGlobals) = postSolution
		SolutionGuid = {AE16EEE2-DF8B-4E2E-89E9-6915A2A70E07}
	EndGlobalSection
EndGlobal
