
Microsoft Visual Studio Solution File, Format Version 12.00
# Visual Studio Version 16
VisualStudioVersion = 16.0.30523.141
MinimumVisualStudioVersion = 15.0.26124.0
Project("{9A19103F-16F7-4668-BE54-9A1E7A4F7556}") = "Core", "src\Core\Core.csproj", "{26E49992-42E1-42FB-9B3E-1F29B7C3D32A}"
EndProject
Project("{9A19103F-16F7-4668-BE54-9A1E7A4F7556}") = "Generation", "src\Generation\Generation.csproj", "{F95DA981-B7D6-45A1-AB12-390489ECC57B}"
EndProject
Project("{9A19103F-16F7-4668-BE54-9A1E7A4F7556}") = "Validation", "src\Validation\Validation.csproj", "{05D226F6-E0A6-4CB9-91F4-5A709D16CCCB}"
EndProject
Project("{9A19103F-16F7-4668-BE54-9A1E7A4F7556}") = "Storage.MongoDB", "src\Storage.MongoDB\Storage.MongoDB.csproj", "{BE0C448E-F3DD-444B-BFAF-54DAD9D62B14}"
EndProject
Project("{9A19103F-16F7-4668-BE54-9A1E7A4F7556}") = "Extensions.Mvc", "src\Extensions.Mvc\Extensions.Mvc.csproj", "{C37AAB75-B536-4239-8A7B-7F441D37C1A4}"
EndProject
Project("{9A19103F-16F7-4668-BE54-9A1E7A4F7556}") = "Extensions.HotChocolate", "src\Extensions.HotChocolate\Extensions.HotChocolate.csproj", "{12BC2B57-D9B4-43B9-B3AE-02424003C1D9}"
EndProject
Project("{2150E333-8FDC-42A3-9474-1A3956D46DE8}") = "src", "src", "{5569CF44-1804-4ECD-9326-6F085F51CC53}"
EndProject
Project("{2150E333-8FDC-42A3-9474-1A3956D46DE8}") = "test", "test", "{D1C5C7E1-7DCC-4AB3-8D49-8F8DE13F621C}"
EndProject
Project("{2150E333-8FDC-42A3-9474-1A3956D46DE8}") = "Solution Items", "Solution Items", "{FB701F95-5B82-47D6-880C-93A469D5EA8B}"
	ProjectSection(SolutionItems) = preProject
		Directory.Build.props = Directory.Build.props
		Version.props = Version.props
		test\TestProject.props = test\TestProject.props
	EndProjectSection
EndProject
Project("{FAE04EC0-301F-11D3-BF4B-00C04F79EFBC}") = "Extensions.Http", "src\Extensions.Http\Extensions.Http.csproj", "{17CF115A-3A4D-48CC-9D56-EBB32E9AC67C}"
EndProject
Project("{2150E333-8FDC-42A3-9474-1A3956D46DE8}") = "samples", "samples", "{6738380E-5FE6-4EFA-AF76-6695E18B1A30}"
EndProject
Project("{FAE04EC0-301F-11D3-BF4B-00C04F79EFBC}") = "Endpoint.SecuredUrl", "samples\Endpoint_SecuredUrl\Endpoint.SecuredUrl.csproj", "{3EC202AE-3EBF-405D-B9FD-2188FAE2A3EF}"
EndProject
Project("{FAE04EC0-301F-11D3-BF4B-00C04F79EFBC}") = "HotChocolate.FileDownload", "samples\HotChocolate_FileDownload\HotChocolate.FileDownload.csproj", "{736AD184-3166-44A6-8478-A23BBEF53DB4}"
EndProject
Project("{FAE04EC0-301F-11D3-BF4B-00C04F79EFBC}") = "HotChocolate.SecuredArgument", "samples\HotChocolate_SecuredArgument\HotChocolate.SecuredArgument.csproj", "{39E55064-BF63-4665-AEAC-7D4522FF22A3}"
EndProject
Project("{FAE04EC0-301F-11D3-BF4B-00C04F79EFBC}") = "Core.Tests", "test\Core.Tests\Core.Tests.csproj", "{2F23DF97-1603-4AC0-A05D-991BCCB4A676}"
EndProject
Project("{FAE04EC0-301F-11D3-BF4B-00C04F79EFBC}") = "Extensions.HotChocolate.Tests", "test\Extensions.HotChocolate.Tests\Extensions.HotChocolate.Tests.csproj", "{F21CAD68-4218-4CD9-83A2-8AA082738E8B}"
EndProject
Project("{FAE04EC0-301F-11D3-BF4B-00C04F79EFBC}") = "Extensions.Http.Tests", "test\Extensions.Http.Tests\Extensions.Http.Tests.csproj", "{597D63C0-4CC5-427C-8DEB-67D006EB2711}"
EndProject
Project("{FAE04EC0-301F-11D3-BF4B-00C04F79EFBC}") = "Extensions.Mvc.Tests", "test\Extensions.Mvc.Tests\Extensions.Mvc.Tests.csproj", "{1A8E7F36-BCED-4461-978D-EEA9903E03BE}"
EndProject
Project("{FAE04EC0-301F-11D3-BF4B-00C04F79EFBC}") = "Generation.Tests", "test\Generation.Tests\Generation.Tests.csproj", "{2D26E724-0C6D-4FA2-AE8F-E156A8FB156C}"
EndProject
Project("{FAE04EC0-301F-11D3-BF4B-00C04F79EFBC}") = "IntegrationTests", "test\IntegrationTests\IntegrationTests.csproj", "{FB8F5041-96CA-42BF-B24A-DB3DC356C395}"
EndProject
Project("{FAE04EC0-301F-11D3-BF4B-00C04F79EFBC}") = "Storage.MongoDB.Tests", "test\Storage.MongoDB.Tests\Storage.MongoDB.Tests.csproj", "{9E188FD0-B120-444A-9C8E-EF10823FD20B}"
EndProject
Project("{FAE04EC0-301F-11D3-BF4B-00C04F79EFBC}") = "Validation.Tests", "test\Validation.Tests\Validation.Tests.csproj", "{75404057-47EB-4048-AF81-FA13A970876F}"
EndProject
Global
	GlobalSection(SolutionConfigurationPlatforms) = preSolution
		Debug|Any CPU = Debug|Any CPU
		Debug|x64 = Debug|x64
		Debug|x86 = Debug|x86
		Release|Any CPU = Release|Any CPU
		Release|x64 = Release|x64
		Release|x86 = Release|x86
	EndGlobalSection
	GlobalSection(ProjectConfigurationPlatforms) = postSolution
		{F95DA981-B7D6-45A1-AB12-390489ECC57B}.Debug|Any CPU.ActiveCfg = Debug|Any CPU
		{F95DA981-B7D6-45A1-AB12-390489ECC57B}.Debug|Any CPU.Build.0 = Debug|Any CPU
		{F95DA981-B7D6-45A1-AB12-390489ECC57B}.Debug|x64.ActiveCfg = Debug|Any CPU
		{F95DA981-B7D6-45A1-AB12-390489ECC57B}.Debug|x64.Build.0 = Debug|Any CPU
		{F95DA981-B7D6-45A1-AB12-390489ECC57B}.Debug|x86.ActiveCfg = Debug|Any CPU
		{F95DA981-B7D6-45A1-AB12-390489ECC57B}.Debug|x86.Build.0 = Debug|Any CPU
		{F95DA981-B7D6-45A1-AB12-390489ECC57B}.Release|Any CPU.ActiveCfg = Release|Any CPU
		{F95DA981-B7D6-45A1-AB12-390489ECC57B}.Release|Any CPU.Build.0 = Release|Any CPU
		{F95DA981-B7D6-45A1-AB12-390489ECC57B}.Release|x64.ActiveCfg = Release|Any CPU
		{F95DA981-B7D6-45A1-AB12-390489ECC57B}.Release|x64.Build.0 = Release|Any CPU
		{F95DA981-B7D6-45A1-AB12-390489ECC57B}.Release|x86.ActiveCfg = Release|Any CPU
		{F95DA981-B7D6-45A1-AB12-390489ECC57B}.Release|x86.Build.0 = Release|Any CPU
		{05D226F6-E0A6-4CB9-91F4-5A709D16CCCB}.Debug|Any CPU.ActiveCfg = Debug|Any CPU
		{05D226F6-E0A6-4CB9-91F4-5A709D16CCCB}.Debug|Any CPU.Build.0 = Debug|Any CPU
		{05D226F6-E0A6-4CB9-91F4-5A709D16CCCB}.Debug|x64.ActiveCfg = Debug|Any CPU
		{05D226F6-E0A6-4CB9-91F4-5A709D16CCCB}.Debug|x64.Build.0 = Debug|Any CPU
		{05D226F6-E0A6-4CB9-91F4-5A709D16CCCB}.Debug|x86.ActiveCfg = Debug|Any CPU
		{05D226F6-E0A6-4CB9-91F4-5A709D16CCCB}.Debug|x86.Build.0 = Debug|Any CPU
		{05D226F6-E0A6-4CB9-91F4-5A709D16CCCB}.Release|Any CPU.ActiveCfg = Release|Any CPU
		{05D226F6-E0A6-4CB9-91F4-5A709D16CCCB}.Release|Any CPU.Build.0 = Release|Any CPU
		{05D226F6-E0A6-4CB9-91F4-5A709D16CCCB}.Release|x64.ActiveCfg = Release|Any CPU
		{05D226F6-E0A6-4CB9-91F4-5A709D16CCCB}.Release|x64.Build.0 = Release|Any CPU
		{05D226F6-E0A6-4CB9-91F4-5A709D16CCCB}.Release|x86.ActiveCfg = Release|Any CPU
		{05D226F6-E0A6-4CB9-91F4-5A709D16CCCB}.Release|x86.Build.0 = Release|Any CPU
		{BE0C448E-F3DD-444B-BFAF-54DAD9D62B14}.Debug|Any CPU.ActiveCfg = Debug|Any CPU
		{BE0C448E-F3DD-444B-BFAF-54DAD9D62B14}.Debug|Any CPU.Build.0 = Debug|Any CPU
		{BE0C448E-F3DD-444B-BFAF-54DAD9D62B14}.Debug|x64.ActiveCfg = Debug|Any CPU
		{BE0C448E-F3DD-444B-BFAF-54DAD9D62B14}.Debug|x64.Build.0 = Debug|Any CPU
		{BE0C448E-F3DD-444B-BFAF-54DAD9D62B14}.Debug|x86.ActiveCfg = Debug|Any CPU
		{BE0C448E-F3DD-444B-BFAF-54DAD9D62B14}.Debug|x86.Build.0 = Debug|Any CPU
		{BE0C448E-F3DD-444B-BFAF-54DAD9D62B14}.Release|Any CPU.ActiveCfg = Release|Any CPU
		{BE0C448E-F3DD-444B-BFAF-54DAD9D62B14}.Release|Any CPU.Build.0 = Release|Any CPU
		{BE0C448E-F3DD-444B-BFAF-54DAD9D62B14}.Release|x64.ActiveCfg = Release|Any CPU
		{BE0C448E-F3DD-444B-BFAF-54DAD9D62B14}.Release|x64.Build.0 = Release|Any CPU
		{BE0C448E-F3DD-444B-BFAF-54DAD9D62B14}.Release|x86.ActiveCfg = Release|Any CPU
		{BE0C448E-F3DD-444B-BFAF-54DAD9D62B14}.Release|x86.Build.0 = Release|Any CPU
		{C37AAB75-B536-4239-8A7B-7F441D37C1A4}.Debug|Any CPU.ActiveCfg = Debug|Any CPU
		{C37AAB75-B536-4239-8A7B-7F441D37C1A4}.Debug|Any CPU.Build.0 = Debug|Any CPU
		{C37AAB75-B536-4239-8A7B-7F441D37C1A4}.Debug|x64.ActiveCfg = Debug|Any CPU
		{C37AAB75-B536-4239-8A7B-7F441D37C1A4}.Debug|x64.Build.0 = Debug|Any CPU
		{C37AAB75-B536-4239-8A7B-7F441D37C1A4}.Debug|x86.ActiveCfg = Debug|Any CPU
		{C37AAB75-B536-4239-8A7B-7F441D37C1A4}.Debug|x86.Build.0 = Debug|Any CPU
		{C37AAB75-B536-4239-8A7B-7F441D37C1A4}.Release|Any CPU.ActiveCfg = Release|Any CPU
		{C37AAB75-B536-4239-8A7B-7F441D37C1A4}.Release|Any CPU.Build.0 = Release|Any CPU
		{C37AAB75-B536-4239-8A7B-7F441D37C1A4}.Release|x64.ActiveCfg = Release|Any CPU
		{C37AAB75-B536-4239-8A7B-7F441D37C1A4}.Release|x64.Build.0 = Release|Any CPU
		{C37AAB75-B536-4239-8A7B-7F441D37C1A4}.Release|x86.ActiveCfg = Release|Any CPU
		{C37AAB75-B536-4239-8A7B-7F441D37C1A4}.Release|x86.Build.0 = Release|Any CPU
		{12BC2B57-D9B4-43B9-B3AE-02424003C1D9}.Debug|Any CPU.ActiveCfg = Debug|Any CPU
		{12BC2B57-D9B4-43B9-B3AE-02424003C1D9}.Debug|Any CPU.Build.0 = Debug|Any CPU
		{12BC2B57-D9B4-43B9-B3AE-02424003C1D9}.Debug|x64.ActiveCfg = Debug|Any CPU
		{12BC2B57-D9B4-43B9-B3AE-02424003C1D9}.Debug|x64.Build.0 = Debug|Any CPU
		{12BC2B57-D9B4-43B9-B3AE-02424003C1D9}.Debug|x86.ActiveCfg = Debug|Any CPU
		{12BC2B57-D9B4-43B9-B3AE-02424003C1D9}.Debug|x86.Build.0 = Debug|Any CPU
		{12BC2B57-D9B4-43B9-B3AE-02424003C1D9}.Release|Any CPU.ActiveCfg = Release|Any CPU
		{12BC2B57-D9B4-43B9-B3AE-02424003C1D9}.Release|Any CPU.Build.0 = Release|Any CPU
		{12BC2B57-D9B4-43B9-B3AE-02424003C1D9}.Release|x64.ActiveCfg = Release|Any CPU
		{12BC2B57-D9B4-43B9-B3AE-02424003C1D9}.Release|x64.Build.0 = Release|Any CPU
		{12BC2B57-D9B4-43B9-B3AE-02424003C1D9}.Release|x86.ActiveCfg = Release|Any CPU
		{12BC2B57-D9B4-43B9-B3AE-02424003C1D9}.Release|x86.Build.0 = Release|Any CPU
		{A6D010C3-0B64-4088-B603-45F743D3F7F1}.Debug|Any CPU.ActiveCfg = Debug|Any CPU
		{A6D010C3-0B64-4088-B603-45F743D3F7F1}.Debug|Any CPU.Build.0 = Debug|Any CPU
		{A6D010C3-0B64-4088-B603-45F743D3F7F1}.Debug|x64.ActiveCfg = Debug|Any CPU
		{A6D010C3-0B64-4088-B603-45F743D3F7F1}.Debug|x64.Build.0 = Debug|Any CPU
		{A6D010C3-0B64-4088-B603-45F743D3F7F1}.Debug|x86.ActiveCfg = Debug|Any CPU
		{A6D010C3-0B64-4088-B603-45F743D3F7F1}.Debug|x86.Build.0 = Debug|Any CPU
		{A6D010C3-0B64-4088-B603-45F743D3F7F1}.Release|Any CPU.ActiveCfg = Release|Any CPU
		{A6D010C3-0B64-4088-B603-45F743D3F7F1}.Release|Any CPU.Build.0 = Release|Any CPU
		{A6D010C3-0B64-4088-B603-45F743D3F7F1}.Release|x64.ActiveCfg = Release|Any CPU
		{A6D010C3-0B64-4088-B603-45F743D3F7F1}.Release|x64.Build.0 = Release|Any CPU
		{A6D010C3-0B64-4088-B603-45F743D3F7F1}.Release|x86.ActiveCfg = Release|Any CPU
		{A6D010C3-0B64-4088-B603-45F743D3F7F1}.Release|x86.Build.0 = Release|Any CPU
		{17CF115A-3A4D-48CC-9D56-EBB32E9AC67C}.Debug|Any CPU.ActiveCfg = Debug|Any CPU
		{17CF115A-3A4D-48CC-9D56-EBB32E9AC67C}.Debug|Any CPU.Build.0 = Debug|Any CPU
		{17CF115A-3A4D-48CC-9D56-EBB32E9AC67C}.Debug|x64.ActiveCfg = Debug|Any CPU
		{17CF115A-3A4D-48CC-9D56-EBB32E9AC67C}.Debug|x64.Build.0 = Debug|Any CPU
		{17CF115A-3A4D-48CC-9D56-EBB32E9AC67C}.Debug|x86.ActiveCfg = Debug|Any CPU
		{17CF115A-3A4D-48CC-9D56-EBB32E9AC67C}.Debug|x86.Build.0 = Debug|Any CPU
		{17CF115A-3A4D-48CC-9D56-EBB32E9AC67C}.Release|Any CPU.ActiveCfg = Release|Any CPU
		{17CF115A-3A4D-48CC-9D56-EBB32E9AC67C}.Release|Any CPU.Build.0 = Release|Any CPU
		{17CF115A-3A4D-48CC-9D56-EBB32E9AC67C}.Release|x64.ActiveCfg = Release|Any CPU
		{17CF115A-3A4D-48CC-9D56-EBB32E9AC67C}.Release|x64.Build.0 = Release|Any CPU
		{17CF115A-3A4D-48CC-9D56-EBB32E9AC67C}.Release|x86.ActiveCfg = Release|Any CPU
		{17CF115A-3A4D-48CC-9D56-EBB32E9AC67C}.Release|x86.Build.0 = Release|Any CPU
		{3EC202AE-3EBF-405D-B9FD-2188FAE2A3EF}.Debug|Any CPU.ActiveCfg = Debug|Any CPU
		{3EC202AE-3EBF-405D-B9FD-2188FAE2A3EF}.Debug|Any CPU.Build.0 = Debug|Any CPU
		{3EC202AE-3EBF-405D-B9FD-2188FAE2A3EF}.Debug|x64.ActiveCfg = Debug|Any CPU
		{3EC202AE-3EBF-405D-B9FD-2188FAE2A3EF}.Debug|x64.Build.0 = Debug|Any CPU
		{3EC202AE-3EBF-405D-B9FD-2188FAE2A3EF}.Debug|x86.ActiveCfg = Debug|Any CPU
		{3EC202AE-3EBF-405D-B9FD-2188FAE2A3EF}.Debug|x86.Build.0 = Debug|Any CPU
		{3EC202AE-3EBF-405D-B9FD-2188FAE2A3EF}.Release|Any CPU.ActiveCfg = Release|Any CPU
		{3EC202AE-3EBF-405D-B9FD-2188FAE2A3EF}.Release|Any CPU.Build.0 = Release|Any CPU
		{3EC202AE-3EBF-405D-B9FD-2188FAE2A3EF}.Release|x64.ActiveCfg = Release|Any CPU
		{3EC202AE-3EBF-405D-B9FD-2188FAE2A3EF}.Release|x64.Build.0 = Release|Any CPU
		{3EC202AE-3EBF-405D-B9FD-2188FAE2A3EF}.Release|x86.ActiveCfg = Release|Any CPU
		{3EC202AE-3EBF-405D-B9FD-2188FAE2A3EF}.Release|x86.Build.0 = Release|Any CPU
		{736AD184-3166-44A6-8478-A23BBEF53DB4}.Debug|Any CPU.ActiveCfg = Debug|Any CPU
		{736AD184-3166-44A6-8478-A23BBEF53DB4}.Debug|Any CPU.Build.0 = Debug|Any CPU
		{736AD184-3166-44A6-8478-A23BBEF53DB4}.Debug|x64.ActiveCfg = Debug|Any CPU
		{736AD184-3166-44A6-8478-A23BBEF53DB4}.Debug|x64.Build.0 = Debug|Any CPU
		{736AD184-3166-44A6-8478-A23BBEF53DB4}.Debug|x86.ActiveCfg = Debug|Any CPU
		{736AD184-3166-44A6-8478-A23BBEF53DB4}.Debug|x86.Build.0 = Debug|Any CPU
		{736AD184-3166-44A6-8478-A23BBEF53DB4}.Release|Any CPU.ActiveCfg = Release|Any CPU
		{736AD184-3166-44A6-8478-A23BBEF53DB4}.Release|Any CPU.Build.0 = Release|Any CPU
		{736AD184-3166-44A6-8478-A23BBEF53DB4}.Release|x64.ActiveCfg = Release|Any CPU
		{736AD184-3166-44A6-8478-A23BBEF53DB4}.Release|x64.Build.0 = Release|Any CPU
		{736AD184-3166-44A6-8478-A23BBEF53DB4}.Release|x86.ActiveCfg = Release|Any CPU
		{736AD184-3166-44A6-8478-A23BBEF53DB4}.Release|x86.Build.0 = Release|Any CPU
		{39E55064-BF63-4665-AEAC-7D4522FF22A3}.Debug|Any CPU.ActiveCfg = Debug|Any CPU
		{39E55064-BF63-4665-AEAC-7D4522FF22A3}.Debug|Any CPU.Build.0 = Debug|Any CPU
		{39E55064-BF63-4665-AEAC-7D4522FF22A3}.Debug|x64.ActiveCfg = Debug|Any CPU
		{39E55064-BF63-4665-AEAC-7D4522FF22A3}.Debug|x64.Build.0 = Debug|Any CPU
		{39E55064-BF63-4665-AEAC-7D4522FF22A3}.Debug|x86.ActiveCfg = Debug|Any CPU
		{39E55064-BF63-4665-AEAC-7D4522FF22A3}.Debug|x86.Build.0 = Debug|Any CPU
		{39E55064-BF63-4665-AEAC-7D4522FF22A3}.Release|Any CPU.ActiveCfg = Release|Any CPU
		{39E55064-BF63-4665-AEAC-7D4522FF22A3}.Release|Any CPU.Build.0 = Release|Any CPU
		{39E55064-BF63-4665-AEAC-7D4522FF22A3}.Release|x64.ActiveCfg = Release|Any CPU
		{39E55064-BF63-4665-AEAC-7D4522FF22A3}.Release|x64.Build.0 = Release|Any CPU
		{39E55064-BF63-4665-AEAC-7D4522FF22A3}.Release|x86.ActiveCfg = Release|Any CPU
		{39E55064-BF63-4665-AEAC-7D4522FF22A3}.Release|x86.Build.0 = Release|Any CPU
		{2F23DF97-1603-4AC0-A05D-991BCCB4A676}.Debug|Any CPU.ActiveCfg = Debug|Any CPU
		{2F23DF97-1603-4AC0-A05D-991BCCB4A676}.Debug|Any CPU.Build.0 = Debug|Any CPU
		{2F23DF97-1603-4AC0-A05D-991BCCB4A676}.Debug|x64.ActiveCfg = Debug|Any CPU
		{2F23DF97-1603-4AC0-A05D-991BCCB4A676}.Debug|x64.Build.0 = Debug|Any CPU
		{2F23DF97-1603-4AC0-A05D-991BCCB4A676}.Debug|x86.ActiveCfg = Debug|Any CPU
		{2F23DF97-1603-4AC0-A05D-991BCCB4A676}.Debug|x86.Build.0 = Debug|Any CPU
		{2F23DF97-1603-4AC0-A05D-991BCCB4A676}.Release|Any CPU.ActiveCfg = Release|Any CPU
		{2F23DF97-1603-4AC0-A05D-991BCCB4A676}.Release|Any CPU.Build.0 = Release|Any CPU
		{2F23DF97-1603-4AC0-A05D-991BCCB4A676}.Release|x64.ActiveCfg = Release|Any CPU
		{2F23DF97-1603-4AC0-A05D-991BCCB4A676}.Release|x64.Build.0 = Release|Any CPU
		{2F23DF97-1603-4AC0-A05D-991BCCB4A676}.Release|x86.ActiveCfg = Release|Any CPU
		{2F23DF97-1603-4AC0-A05D-991BCCB4A676}.Release|x86.Build.0 = Release|Any CPU
		{F21CAD68-4218-4CD9-83A2-8AA082738E8B}.Debug|Any CPU.ActiveCfg = Debug|Any CPU
		{F21CAD68-4218-4CD9-83A2-8AA082738E8B}.Debug|Any CPU.Build.0 = Debug|Any CPU
		{F21CAD68-4218-4CD9-83A2-8AA082738E8B}.Debug|x64.ActiveCfg = Debug|Any CPU
		{F21CAD68-4218-4CD9-83A2-8AA082738E8B}.Debug|x64.Build.0 = Debug|Any CPU
		{F21CAD68-4218-4CD9-83A2-8AA082738E8B}.Debug|x86.ActiveCfg = Debug|Any CPU
		{F21CAD68-4218-4CD9-83A2-8AA082738E8B}.Debug|x86.Build.0 = Debug|Any CPU
		{F21CAD68-4218-4CD9-83A2-8AA082738E8B}.Release|Any CPU.ActiveCfg = Release|Any CPU
		{F21CAD68-4218-4CD9-83A2-8AA082738E8B}.Release|Any CPU.Build.0 = Release|Any CPU
		{F21CAD68-4218-4CD9-83A2-8AA082738E8B}.Release|x64.ActiveCfg = Release|Any CPU
		{F21CAD68-4218-4CD9-83A2-8AA082738E8B}.Release|x64.Build.0 = Release|Any CPU
		{F21CAD68-4218-4CD9-83A2-8AA082738E8B}.Release|x86.ActiveCfg = Release|Any CPU
		{F21CAD68-4218-4CD9-83A2-8AA082738E8B}.Release|x86.Build.0 = Release|Any CPU
		{597D63C0-4CC5-427C-8DEB-67D006EB2711}.Debug|Any CPU.ActiveCfg = Debug|Any CPU
		{597D63C0-4CC5-427C-8DEB-67D006EB2711}.Debug|Any CPU.Build.0 = Debug|Any CPU
		{597D63C0-4CC5-427C-8DEB-67D006EB2711}.Debug|x64.ActiveCfg = Debug|Any CPU
		{597D63C0-4CC5-427C-8DEB-67D006EB2711}.Debug|x64.Build.0 = Debug|Any CPU
		{597D63C0-4CC5-427C-8DEB-67D006EB2711}.Debug|x86.ActiveCfg = Debug|Any CPU
		{597D63C0-4CC5-427C-8DEB-67D006EB2711}.Debug|x86.Build.0 = Debug|Any CPU
		{597D63C0-4CC5-427C-8DEB-67D006EB2711}.Release|Any CPU.ActiveCfg = Release|Any CPU
		{597D63C0-4CC5-427C-8DEB-67D006EB2711}.Release|Any CPU.Build.0 = Release|Any CPU
		{597D63C0-4CC5-427C-8DEB-67D006EB2711}.Release|x64.ActiveCfg = Release|Any CPU
		{597D63C0-4CC5-427C-8DEB-67D006EB2711}.Release|x64.Build.0 = Release|Any CPU
		{597D63C0-4CC5-427C-8DEB-67D006EB2711}.Release|x86.ActiveCfg = Release|Any CPU
		{597D63C0-4CC5-427C-8DEB-67D006EB2711}.Release|x86.Build.0 = Release|Any CPU
		{1A8E7F36-BCED-4461-978D-EEA9903E03BE}.Debug|Any CPU.ActiveCfg = Debug|Any CPU
		{1A8E7F36-BCED-4461-978D-EEA9903E03BE}.Debug|Any CPU.Build.0 = Debug|Any CPU
		{1A8E7F36-BCED-4461-978D-EEA9903E03BE}.Debug|x64.ActiveCfg = Debug|Any CPU
		{1A8E7F36-BCED-4461-978D-EEA9903E03BE}.Debug|x64.Build.0 = Debug|Any CPU
		{1A8E7F36-BCED-4461-978D-EEA9903E03BE}.Debug|x86.ActiveCfg = Debug|Any CPU
		{1A8E7F36-BCED-4461-978D-EEA9903E03BE}.Debug|x86.Build.0 = Debug|Any CPU
		{1A8E7F36-BCED-4461-978D-EEA9903E03BE}.Release|Any CPU.ActiveCfg = Release|Any CPU
		{1A8E7F36-BCED-4461-978D-EEA9903E03BE}.Release|Any CPU.Build.0 = Release|Any CPU
		{1A8E7F36-BCED-4461-978D-EEA9903E03BE}.Release|x64.ActiveCfg = Release|Any CPU
		{1A8E7F36-BCED-4461-978D-EEA9903E03BE}.Release|x64.Build.0 = Release|Any CPU
		{1A8E7F36-BCED-4461-978D-EEA9903E03BE}.Release|x86.ActiveCfg = Release|Any CPU
		{1A8E7F36-BCED-4461-978D-EEA9903E03BE}.Release|x86.Build.0 = Release|Any CPU
		{2D26E724-0C6D-4FA2-AE8F-E156A8FB156C}.Debug|Any CPU.ActiveCfg = Debug|Any CPU
		{2D26E724-0C6D-4FA2-AE8F-E156A8FB156C}.Debug|Any CPU.Build.0 = Debug|Any CPU
		{2D26E724-0C6D-4FA2-AE8F-E156A8FB156C}.Debug|x64.ActiveCfg = Debug|Any CPU
		{2D26E724-0C6D-4FA2-AE8F-E156A8FB156C}.Debug|x64.Build.0 = Debug|Any CPU
		{2D26E724-0C6D-4FA2-AE8F-E156A8FB156C}.Debug|x86.ActiveCfg = Debug|Any CPU
		{2D26E724-0C6D-4FA2-AE8F-E156A8FB156C}.Debug|x86.Build.0 = Debug|Any CPU
		{2D26E724-0C6D-4FA2-AE8F-E156A8FB156C}.Release|Any CPU.ActiveCfg = Release|Any CPU
		{2D26E724-0C6D-4FA2-AE8F-E156A8FB156C}.Release|Any CPU.Build.0 = Release|Any CPU
		{2D26E724-0C6D-4FA2-AE8F-E156A8FB156C}.Release|x64.ActiveCfg = Release|Any CPU
		{2D26E724-0C6D-4FA2-AE8F-E156A8FB156C}.Release|x64.Build.0 = Release|Any CPU
		{2D26E724-0C6D-4FA2-AE8F-E156A8FB156C}.Release|x86.ActiveCfg = Release|Any CPU
		{2D26E724-0C6D-4FA2-AE8F-E156A8FB156C}.Release|x86.Build.0 = Release|Any CPU
		{FB8F5041-96CA-42BF-B24A-DB3DC356C395}.Debug|Any CPU.ActiveCfg = Debug|Any CPU
		{FB8F5041-96CA-42BF-B24A-DB3DC356C395}.Debug|Any CPU.Build.0 = Debug|Any CPU
		{FB8F5041-96CA-42BF-B24A-DB3DC356C395}.Debug|x64.ActiveCfg = Debug|Any CPU
		{FB8F5041-96CA-42BF-B24A-DB3DC356C395}.Debug|x64.Build.0 = Debug|Any CPU
		{FB8F5041-96CA-42BF-B24A-DB3DC356C395}.Debug|x86.ActiveCfg = Debug|Any CPU
		{FB8F5041-96CA-42BF-B24A-DB3DC356C395}.Debug|x86.Build.0 = Debug|Any CPU
		{FB8F5041-96CA-42BF-B24A-DB3DC356C395}.Release|Any CPU.ActiveCfg = Release|Any CPU
		{FB8F5041-96CA-42BF-B24A-DB3DC356C395}.Release|Any CPU.Build.0 = Release|Any CPU
		{FB8F5041-96CA-42BF-B24A-DB3DC356C395}.Release|x64.ActiveCfg = Release|Any CPU
		{FB8F5041-96CA-42BF-B24A-DB3DC356C395}.Release|x64.Build.0 = Release|Any CPU
		{FB8F5041-96CA-42BF-B24A-DB3DC356C395}.Release|x86.ActiveCfg = Release|Any CPU
		{FB8F5041-96CA-42BF-B24A-DB3DC356C395}.Release|x86.Build.0 = Release|Any CPU
		{9E188FD0-B120-444A-9C8E-EF10823FD20B}.Debug|Any CPU.ActiveCfg = Debug|Any CPU
		{9E188FD0-B120-444A-9C8E-EF10823FD20B}.Debug|Any CPU.Build.0 = Debug|Any CPU
		{9E188FD0-B120-444A-9C8E-EF10823FD20B}.Debug|x64.ActiveCfg = Debug|Any CPU
		{9E188FD0-B120-444A-9C8E-EF10823FD20B}.Debug|x64.Build.0 = Debug|Any CPU
		{9E188FD0-B120-444A-9C8E-EF10823FD20B}.Debug|x86.ActiveCfg = Debug|Any CPU
		{9E188FD0-B120-444A-9C8E-EF10823FD20B}.Debug|x86.Build.0 = Debug|Any CPU
		{9E188FD0-B120-444A-9C8E-EF10823FD20B}.Release|Any CPU.ActiveCfg = Release|Any CPU
		{9E188FD0-B120-444A-9C8E-EF10823FD20B}.Release|Any CPU.Build.0 = Release|Any CPU
		{9E188FD0-B120-444A-9C8E-EF10823FD20B}.Release|x64.ActiveCfg = Release|Any CPU
		{9E188FD0-B120-444A-9C8E-EF10823FD20B}.Release|x64.Build.0 = Release|Any CPU
		{9E188FD0-B120-444A-9C8E-EF10823FD20B}.Release|x86.ActiveCfg = Release|Any CPU
		{9E188FD0-B120-444A-9C8E-EF10823FD20B}.Release|x86.Build.0 = Release|Any CPU
		{75404057-47EB-4048-AF81-FA13A970876F}.Debug|Any CPU.ActiveCfg = Debug|Any CPU
		{75404057-47EB-4048-AF81-FA13A970876F}.Debug|Any CPU.Build.0 = Debug|Any CPU
		{75404057-47EB-4048-AF81-FA13A970876F}.Debug|x64.ActiveCfg = Debug|Any CPU
		{75404057-47EB-4048-AF81-FA13A970876F}.Debug|x64.Build.0 = Debug|Any CPU
		{75404057-47EB-4048-AF81-FA13A970876F}.Debug|x86.ActiveCfg = Debug|Any CPU
		{75404057-47EB-4048-AF81-FA13A970876F}.Debug|x86.Build.0 = Debug|Any CPU
		{75404057-47EB-4048-AF81-FA13A970876F}.Release|Any CPU.ActiveCfg = Release|Any CPU
		{75404057-47EB-4048-AF81-FA13A970876F}.Release|Any CPU.Build.0 = Release|Any CPU
		{75404057-47EB-4048-AF81-FA13A970876F}.Release|x64.ActiveCfg = Release|Any CPU
		{75404057-47EB-4048-AF81-FA13A970876F}.Release|x64.Build.0 = Release|Any CPU
		{75404057-47EB-4048-AF81-FA13A970876F}.Release|x86.ActiveCfg = Release|Any CPU
		{75404057-47EB-4048-AF81-FA13A970876F}.Release|x86.Build.0 = Release|Any CPU
	EndGlobalSection
	GlobalSection(SolutionProperties) = preSolution
		HideSolutionNode = FALSE
	EndGlobalSection
	GlobalSection(NestedProjects) = preSolution
		{F95DA981-B7D6-45A1-AB12-390489ECC57B} = {5569CF44-1804-4ECD-9326-6F085F51CC53}
		{05D226F6-E0A6-4CB9-91F4-5A709D16CCCB} = {5569CF44-1804-4ECD-9326-6F085F51CC53}
		{BE0C448E-F3DD-444B-BFAF-54DAD9D62B14} = {5569CF44-1804-4ECD-9326-6F085F51CC53}
		{C37AAB75-B536-4239-8A7B-7F441D37C1A4} = {5569CF44-1804-4ECD-9326-6F085F51CC53}
		{12BC2B57-D9B4-43B9-B3AE-02424003C1D9} = {5569CF44-1804-4ECD-9326-6F085F51CC53}
		{17CF115A-3A4D-48CC-9D56-EBB32E9AC67C} = {5569CF44-1804-4ECD-9326-6F085F51CC53}
		{3EC202AE-3EBF-405D-B9FD-2188FAE2A3EF} = {6738380E-5FE6-4EFA-AF76-6695E18B1A30}
		{736AD184-3166-44A6-8478-A23BBEF53DB4} = {6738380E-5FE6-4EFA-AF76-6695E18B1A30}
		{39E55064-BF63-4665-AEAC-7D4522FF22A3} = {6738380E-5FE6-4EFA-AF76-6695E18B1A30}
		{26E49992-42E1-42FB-9B3E-1F29B7C3D32A} = {5569CF44-1804-4ECD-9326-6F085F51CC53}
		{2F23DF97-1603-4AC0-A05D-991BCCB4A676} = {D1C5C7E1-7DCC-4AB3-8D49-8F8DE13F621C}
		{F21CAD68-4218-4CD9-83A2-8AA082738E8B} = {D1C5C7E1-7DCC-4AB3-8D49-8F8DE13F621C}
		{597D63C0-4CC5-427C-8DEB-67D006EB2711} = {D1C5C7E1-7DCC-4AB3-8D49-8F8DE13F621C}
		{1A8E7F36-BCED-4461-978D-EEA9903E03BE} = {D1C5C7E1-7DCC-4AB3-8D49-8F8DE13F621C}
		{2D26E724-0C6D-4FA2-AE8F-E156A8FB156C} = {D1C5C7E1-7DCC-4AB3-8D49-8F8DE13F621C}
		{FB8F5041-96CA-42BF-B24A-DB3DC356C395} = {D1C5C7E1-7DCC-4AB3-8D49-8F8DE13F621C}
		{9E188FD0-B120-444A-9C8E-EF10823FD20B} = {D1C5C7E1-7DCC-4AB3-8D49-8F8DE13F621C}
		{75404057-47EB-4048-AF81-FA13A970876F} = {D1C5C7E1-7DCC-4AB3-8D49-8F8DE13F621C}
	EndGlobalSection
	GlobalSection(ExtensibilityGlobals) = postSolution
		SolutionGuid = {AE16EEE2-DF8B-4E2E-89E9-6915A2A70E07}
	EndGlobalSection
EndGlobal
