
Microsoft Visual Studio Solution File, Format Version 12.00
# Visual Studio 15
VisualStudioVersion = 15.0.26124.0
MinimumVisualStudioVersion = 15.0.26124.0
Project("{FAE04EC0-301F-11D3-BF4B-00C04F79EFBC}") = "Endpoint.SecuredUrl", "Endpoint_SecuredUrl\Endpoint.SecuredUrl.csproj", "{A996E7A2-AE3C-48F6-99A6-4A1C766C9B25}"
EndProject
Project("{FAE04EC0-301F-11D3-BF4B-00C04F79EFBC}") = "HotChocolate.FileDownload", "HotChocolate_FileDownload\HotChocolate.FileDownload.csproj", "{E722242C-7970-44F6-97CD-F48BD91D4757}"
EndProject
Project("{FAE04EC0-301F-11D3-BF4B-00C04F79EFBC}") = "HotChocolate.SecuredArgument", "HotChocolate_SecuredArgument\HotChocolate.SecuredArgument.csproj", "{9DE5DCB0-048C-4F5C-B243-3669BD894DC4}"
EndProject
Project("{2150E333-8FDC-42A3-9474-1A3956D46DE8}") = ".references", ".references", "{038E3EE0-5A51-47DE-A2E1-6B41A2C9CA6D}"
EndProject
Project("{FAE04EC0-301F-11D3-BF4B-00C04F79EFBC}") = "Generation", "..\src\Generation\Generation.csproj", "{33D04DCD-7B2D-4E35-B55F-D95049662480}"
EndProject
Project("{FAE04EC0-301F-11D3-BF4B-00C04F79EFBC}") = "Extensions.Http", "..\src\Extensions.Http\Extensions.Http.csproj", "{B8BC5829-038E-408D-9D89-329A17ED3127}"
EndProject
Project("{FAE04EC0-301F-11D3-BF4B-00C04F79EFBC}") = "Storage.MongoDB", "..\src\Storage.MongoDB\Storage.MongoDB.csproj", "{0E1C3023-9A6F-4C5A-9094-4577526ADE9C}"
EndProject
Global
	GlobalSection(SolutionProperties) = preSolution
		HideSolutionNode = FALSE
	EndGlobalSection
	GlobalSection(SolutionConfigurationPlatforms) = preSolution
		Debug|Any CPU = Debug|Any CPU
		Debug|x64 = Debug|x64
		Debug|x86 = Debug|x86
		Release|Any CPU = Release|Any CPU
		Release|x64 = Release|x64
		Release|x86 = Release|x86
	EndGlobalSection
	GlobalSection(ProjectConfigurationPlatforms) = postSolution
		{A996E7A2-AE3C-48F6-99A6-4A1C766C9B25}.Debug|Any CPU.ActiveCfg = Debug|Any CPU
		{A996E7A2-AE3C-48F6-99A6-4A1C766C9B25}.Debug|Any CPU.Build.0 = Debug|Any CPU
		{A996E7A2-AE3C-48F6-99A6-4A1C766C9B25}.Debug|x64.ActiveCfg = Debug|Any CPU
		{A996E7A2-AE3C-48F6-99A6-4A1C766C9B25}.Debug|x64.Build.0 = Debug|Any CPU
		{A996E7A2-AE3C-48F6-99A6-4A1C766C9B25}.Debug|x86.ActiveCfg = Debug|Any CPU
		{A996E7A2-AE3C-48F6-99A6-4A1C766C9B25}.Debug|x86.Build.0 = Debug|Any CPU
		{A996E7A2-AE3C-48F6-99A6-4A1C766C9B25}.Release|Any CPU.ActiveCfg = Release|Any CPU
		{A996E7A2-AE3C-48F6-99A6-4A1C766C9B25}.Release|Any CPU.Build.0 = Release|Any CPU
		{A996E7A2-AE3C-48F6-99A6-4A1C766C9B25}.Release|x64.ActiveCfg = Release|Any CPU
		{A996E7A2-AE3C-48F6-99A6-4A1C766C9B25}.Release|x64.Build.0 = Release|Any CPU
		{A996E7A2-AE3C-48F6-99A6-4A1C766C9B25}.Release|x86.ActiveCfg = Release|Any CPU
		{A996E7A2-AE3C-48F6-99A6-4A1C766C9B25}.Release|x86.Build.0 = Release|Any CPU
		{E722242C-7970-44F6-97CD-F48BD91D4757}.Debug|Any CPU.ActiveCfg = Debug|Any CPU
		{E722242C-7970-44F6-97CD-F48BD91D4757}.Debug|Any CPU.Build.0 = Debug|Any CPU
		{E722242C-7970-44F6-97CD-F48BD91D4757}.Debug|x64.ActiveCfg = Debug|Any CPU
		{E722242C-7970-44F6-97CD-F48BD91D4757}.Debug|x64.Build.0 = Debug|Any CPU
		{E722242C-7970-44F6-97CD-F48BD91D4757}.Debug|x86.ActiveCfg = Debug|Any CPU
		{E722242C-7970-44F6-97CD-F48BD91D4757}.Debug|x86.Build.0 = Debug|Any CPU
		{E722242C-7970-44F6-97CD-F48BD91D4757}.Release|Any CPU.ActiveCfg = Release|Any CPU
		{E722242C-7970-44F6-97CD-F48BD91D4757}.Release|Any CPU.Build.0 = Release|Any CPU
		{E722242C-7970-44F6-97CD-F48BD91D4757}.Release|x64.ActiveCfg = Release|Any CPU
		{E722242C-7970-44F6-97CD-F48BD91D4757}.Release|x64.Build.0 = Release|Any CPU
		{E722242C-7970-44F6-97CD-F48BD91D4757}.Release|x86.ActiveCfg = Release|Any CPU
		{E722242C-7970-44F6-97CD-F48BD91D4757}.Release|x86.Build.0 = Release|Any CPU
		{9DE5DCB0-048C-4F5C-B243-3669BD894DC4}.Debug|Any CPU.ActiveCfg = Debug|Any CPU
		{9DE5DCB0-048C-4F5C-B243-3669BD894DC4}.Debug|Any CPU.Build.0 = Debug|Any CPU
		{9DE5DCB0-048C-4F5C-B243-3669BD894DC4}.Debug|x64.ActiveCfg = Debug|Any CPU
		{9DE5DCB0-048C-4F5C-B243-3669BD894DC4}.Debug|x64.Build.0 = Debug|Any CPU
		{9DE5DCB0-048C-4F5C-B243-3669BD894DC4}.Debug|x86.ActiveCfg = Debug|Any CPU
		{9DE5DCB0-048C-4F5C-B243-3669BD894DC4}.Debug|x86.Build.0 = Debug|Any CPU
		{9DE5DCB0-048C-4F5C-B243-3669BD894DC4}.Release|Any CPU.ActiveCfg = Release|Any CPU
		{9DE5DCB0-048C-4F5C-B243-3669BD894DC4}.Release|Any CPU.Build.0 = Release|Any CPU
		{9DE5DCB0-048C-4F5C-B243-3669BD894DC4}.Release|x64.ActiveCfg = Release|Any CPU
		{9DE5DCB0-048C-4F5C-B243-3669BD894DC4}.Release|x64.Build.0 = Release|Any CPU
		{9DE5DCB0-048C-4F5C-B243-3669BD894DC4}.Release|x86.ActiveCfg = Release|Any CPU
		{9DE5DCB0-048C-4F5C-B243-3669BD894DC4}.Release|x86.Build.0 = Release|Any CPU
		{33D04DCD-7B2D-4E35-B55F-D95049662480}.Debug|Any CPU.ActiveCfg = Debug|Any CPU
		{33D04DCD-7B2D-4E35-B55F-D95049662480}.Debug|Any CPU.Build.0 = Debug|Any CPU
		{33D04DCD-7B2D-4E35-B55F-D95049662480}.Debug|x64.ActiveCfg = Debug|Any CPU
		{33D04DCD-7B2D-4E35-B55F-D95049662480}.Debug|x64.Build.0 = Debug|Any CPU
		{33D04DCD-7B2D-4E35-B55F-D95049662480}.Debug|x86.ActiveCfg = Debug|Any CPU
		{33D04DCD-7B2D-4E35-B55F-D95049662480}.Debug|x86.Build.0 = Debug|Any CPU
		{33D04DCD-7B2D-4E35-B55F-D95049662480}.Release|Any CPU.ActiveCfg = Release|Any CPU
		{33D04DCD-7B2D-4E35-B55F-D95049662480}.Release|Any CPU.Build.0 = Release|Any CPU
		{33D04DCD-7B2D-4E35-B55F-D95049662480}.Release|x64.ActiveCfg = Release|Any CPU
		{33D04DCD-7B2D-4E35-B55F-D95049662480}.Release|x64.Build.0 = Release|Any CPU
		{33D04DCD-7B2D-4E35-B55F-D95049662480}.Release|x86.ActiveCfg = Release|Any CPU
		{33D04DCD-7B2D-4E35-B55F-D95049662480}.Release|x86.Build.0 = Release|Any CPU
		{B8BC5829-038E-408D-9D89-329A17ED3127}.Debug|Any CPU.ActiveCfg = Debug|Any CPU
		{B8BC5829-038E-408D-9D89-329A17ED3127}.Debug|Any CPU.Build.0 = Debug|Any CPU
		{B8BC5829-038E-408D-9D89-329A17ED3127}.Debug|x64.ActiveCfg = Debug|Any CPU
		{B8BC5829-038E-408D-9D89-329A17ED3127}.Debug|x64.Build.0 = Debug|Any CPU
		{B8BC5829-038E-408D-9D89-329A17ED3127}.Debug|x86.ActiveCfg = Debug|Any CPU
		{B8BC5829-038E-408D-9D89-329A17ED3127}.Debug|x86.Build.0 = Debug|Any CPU
		{B8BC5829-038E-408D-9D89-329A17ED3127}.Release|Any CPU.ActiveCfg = Release|Any CPU
		{B8BC5829-038E-408D-9D89-329A17ED3127}.Release|Any CPU.Build.0 = Release|Any CPU
		{B8BC5829-038E-408D-9D89-329A17ED3127}.Release|x64.ActiveCfg = Release|Any CPU
		{B8BC5829-038E-408D-9D89-329A17ED3127}.Release|x64.Build.0 = Release|Any CPU
		{B8BC5829-038E-408D-9D89-329A17ED3127}.Release|x86.ActiveCfg = Release|Any CPU
		{B8BC5829-038E-408D-9D89-329A17ED3127}.Release|x86.Build.0 = Release|Any CPU
		{0E1C3023-9A6F-4C5A-9094-4577526ADE9C}.Debug|Any CPU.ActiveCfg = Debug|Any CPU
		{0E1C3023-9A6F-4C5A-9094-4577526ADE9C}.Debug|Any CPU.Build.0 = Debug|Any CPU
		{0E1C3023-9A6F-4C5A-9094-4577526ADE9C}.Debug|x64.ActiveCfg = Debug|Any CPU
		{0E1C3023-9A6F-4C5A-9094-4577526ADE9C}.Debug|x64.Build.0 = Debug|Any CPU
		{0E1C3023-9A6F-4C5A-9094-4577526ADE9C}.Debug|x86.ActiveCfg = Debug|Any CPU
		{0E1C3023-9A6F-4C5A-9094-4577526ADE9C}.Debug|x86.Build.0 = Debug|Any CPU
		{0E1C3023-9A6F-4C5A-9094-4577526ADE9C}.Release|Any CPU.ActiveCfg = Release|Any CPU
		{0E1C3023-9A6F-4C5A-9094-4577526ADE9C}.Release|Any CPU.Build.0 = Release|Any CPU
		{0E1C3023-9A6F-4C5A-9094-4577526ADE9C}.Release|x64.ActiveCfg = Release|Any CPU
		{0E1C3023-9A6F-4C5A-9094-4577526ADE9C}.Release|x64.Build.0 = Release|Any CPU
		{0E1C3023-9A6F-4C5A-9094-4577526ADE9C}.Release|x86.ActiveCfg = Release|Any CPU
		{0E1C3023-9A6F-4C5A-9094-4577526ADE9C}.Release|x86.Build.0 = Release|Any CPU
	EndGlobalSection
	GlobalSection(NestedProjects) = preSolution
		{33D04DCD-7B2D-4E35-B55F-D95049662480} = {038E3EE0-5A51-47DE-A2E1-6B41A2C9CA6D}
		{B8BC5829-038E-408D-9D89-329A17ED3127} = {038E3EE0-5A51-47DE-A2E1-6B41A2C9CA6D}
		{0E1C3023-9A6F-4C5A-9094-4577526ADE9C} = {038E3EE0-5A51-47DE-A2E1-6B41A2C9CA6D}
	EndGlobalSection
EndGlobal
