
Microsoft Visual Studio Solution File, Format Version 12.00
# Visual Studio Version 16
VisualStudioVersion = 16.0.30523.141
MinimumVisualStudioVersion = 15.0.26124.0
Project("{9A19103F-16F7-4668-BE54-9A1E7A4F7556}") = "Core", "Core\Core.csproj", "{26E49992-42E1-42FB-9B3E-1F29B7C3D32A}"
EndProject
Project("{9A19103F-16F7-4668-BE54-9A1E7A4F7556}") = "Generation", "Generation\Generation.csproj", "{F95DA981-B7D6-45A1-AB12-390489ECC57B}"
EndProject
Project("{9A19103F-16F7-4668-BE54-9A1E7A4F7556}") = "Validation", "Validation\Validation.csproj", "{05D226F6-E0A6-4CB9-91F4-5A709D16CCCB}"
EndProject
Project("{9A19103F-16F7-4668-BE54-9A1E7A4F7556}") = "Storage.MongoDB", "Storage.MongoDB\Storage.MongoDB.csproj", "{BE0C448E-F3DD-444B-BFAF-54DAD9D62B14}"
EndProject
Project("{9A19103F-16F7-4668-BE54-9A1E7A4F7556}") = "Extensions.Mvc", "Extensions.Mvc\Extensions.Mvc.csproj", "{C37AAB75-B536-4239-8A7B-7F441D37C1A4}"
EndProject
Project("{9A19103F-16F7-4668-BE54-9A1E7A4F7556}") = "Extensions.HotChocolate", "Extensions.HotChocolate\Extensions.HotChocolate.csproj", "{12BC2B57-D9B4-43B9-B3AE-02424003C1D9}"
EndProject
Project("{9A19103F-16F7-4668-BE54-9A1E7A4F7556}") = "Generation.Tests", "Generation.Tests\Generation.Tests.csproj", "{F87366C0-5988-4FD9-A3A3-3E1499CB026E}"
EndProject
Project("{9A19103F-16F7-4668-BE54-9A1E7A4F7556}") = "Extensions.HotChocolate.Tests", "Extensions.HotChocolate.Tests\Extensions.HotChocolate.Tests.csproj", "{D41A5FD5-B15F-484B-AAA3-CA7454004727}"
EndProject
Project("{9A19103F-16F7-4668-BE54-9A1E7A4F7556}") = "IntegrationTests", "IntegrationTests\IntegrationTests.csproj", "{F61AC6DB-8B0F-41F1-9B11-2DD4DE9326B8}"
EndProject
Project("{9A19103F-16F7-4668-BE54-9A1E7A4F7556}") = "Storage.MongoDB.Tests", "Storage.MongoDB.Tests\Storage.MongoDB.Tests.csproj", "{55534AE7-A127-4625-A874-62DEF8CD2C70}"
EndProject
Project("{9A19103F-16F7-4668-BE54-9A1E7A4F7556}") = "Extensions.Mvc.Tests", "Extensions.Mvc.Tests\Extensions.Mvc.Tests.csproj", "{FED86245-1CD4-4E76-BE8F-55BFAECB8FF6}"
EndProject
Project("{9A19103F-16F7-4668-BE54-9A1E7A4F7556}") = "Validation.Tests", "Validation.Tests\Validation.Tests.csproj", "{AE9EB76D-5549-4A73-AEB3-0A1F03D745BC}"
EndProject
Project("{2150E333-8FDC-42A3-9474-1A3956D46DE8}") = "src", "src", "{5569CF44-1804-4ECD-9326-6F085F51CC53}"
EndProject
Project("{2150E333-8FDC-42A3-9474-1A3956D46DE8}") = "test", "test", "{D1C5C7E1-7DCC-4AB3-8D49-8F8DE13F621C}"
EndProject
Project("{2150E333-8FDC-42A3-9474-1A3956D46DE8}") = "Solution Items", "Solution Items", "{FB701F95-5B82-47D6-880C-93A469D5EA8B}"
	ProjectSection(SolutionItems) = preProject
		Dependencies.props = Dependencies.props
		Directory.Build.props = Directory.Build.props
		Directory.Build.targets = Directory.Build.targets
		Package.props = Package.props
		ResourceProject.props = ResourceProject.props
		TestProject.props = TestProject.props
		Version.props = Version.props
	EndProjectSection
EndProject
Project("{2150E333-8FDC-42A3-9474-1A3956D46DE8}") = "samples", "samples", "{7D99DDBA-7728-4654-A910-01D259EA90C3}"
EndProject
Project("{2150E333-8FDC-42A3-9474-1A3956D46DE8}") = "HotChocolate_FileDownload", "HotChocolate_FileDownload", "{D5F93811-800F-43D6-B8C4-6809E30DFEA9}"
EndProject
Project("{9A19103F-16F7-4668-BE54-9A1E7A4F7556}") = "Host", "..\samples\HotChocolate_FileDownload\Host.csproj", "{5506A221-32C6-4C14-A601-600E7D19389F}"
EndProject
Project("{9A19103F-16F7-4668-BE54-9A1E7A4F7556}") = "Host", "..\samples\HotChocolate_SecuredArgument\Host.csproj", "{2B798920-581F-4AE5-86FA-05C0B91D7767}"
EndProject
Project("{2150E333-8FDC-42A3-9474-1A3956D46DE8}") = "HotChocolate_SecuredArgument", "HotChocolate_SecuredArgument", "{7879BE43-B454-4F35-B703-F256681D4F34}"
EndProject
Project("{9A19103F-16F7-4668-BE54-9A1E7A4F7556}") = "Core.Tests", "Core.Tests\Core.Tests.csproj", "{6930BCB3-241E-4986-8CC8-DDF84D535B0C}"
EndProject
Global
	GlobalSection(SolutionConfigurationPlatforms) = preSolution
		Debug|Any CPU = Debug|Any CPU
		Debug|x64 = Debug|x64
		Debug|x86 = Debug|x86
		Release|Any CPU = Release|Any CPU
		Release|x64 = Release|x64
		Release|x86 = Release|x86
	EndGlobalSection
	GlobalSection(ProjectConfigurationPlatforms) = postSolution
		{26E49992-42E1-42FB-9B3E-1F29B7C3D32A}.Debug|Any CPU.ActiveCfg = Debug|Any CPU
		{26E49992-42E1-42FB-9B3E-1F29B7C3D32A}.Debug|Any CPU.Build.0 = Debug|Any CPU
		{26E49992-42E1-42FB-9B3E-1F29B7C3D32A}.Debug|x64.ActiveCfg = Debug|Any CPU
		{26E49992-42E1-42FB-9B3E-1F29B7C3D32A}.Debug|x64.Build.0 = Debug|Any CPU
		{26E49992-42E1-42FB-9B3E-1F29B7C3D32A}.Debug|x86.ActiveCfg = Debug|Any CPU
		{26E49992-42E1-42FB-9B3E-1F29B7C3D32A}.Debug|x86.Build.0 = Debug|Any CPU
		{26E49992-42E1-42FB-9B3E-1F29B7C3D32A}.Release|Any CPU.ActiveCfg = Release|Any CPU
		{26E49992-42E1-42FB-9B3E-1F29B7C3D32A}.Release|Any CPU.Build.0 = Release|Any CPU
		{26E49992-42E1-42FB-9B3E-1F29B7C3D32A}.Release|x64.ActiveCfg = Release|Any CPU
		{26E49992-42E1-42FB-9B3E-1F29B7C3D32A}.Release|x64.Build.0 = Release|Any CPU
		{26E49992-42E1-42FB-9B3E-1F29B7C3D32A}.Release|x86.ActiveCfg = Release|Any CPU
		{26E49992-42E1-42FB-9B3E-1F29B7C3D32A}.Release|x86.Build.0 = Release|Any CPU
		{F95DA981-B7D6-45A1-AB12-390489ECC57B}.Debug|Any CPU.ActiveCfg = Debug|Any CPU
		{F95DA981-B7D6-45A1-AB12-390489ECC57B}.Debug|Any CPU.Build.0 = Debug|Any CPU
		{F95DA981-B7D6-45A1-AB12-390489ECC57B}.Debug|x64.ActiveCfg = Debug|Any CPU
		{F95DA981-B7D6-45A1-AB12-390489ECC57B}.Debug|x64.Build.0 = Debug|Any CPU
		{F95DA981-B7D6-45A1-AB12-390489ECC57B}.Debug|x86.ActiveCfg = Debug|Any CPU
		{F95DA981-B7D6-45A1-AB12-390489ECC57B}.Debug|x86.Build.0 = Debug|Any CPU
		{F95DA981-B7D6-45A1-AB12-390489ECC57B}.Release|Any CPU.ActiveCfg = Release|Any CPU
		{F95DA981-B7D6-45A1-AB12-390489ECC57B}.Release|Any CPU.Build.0 = Release|Any CPU
		{F95DA981-B7D6-45A1-AB12-390489ECC57B}.Release|x64.ActiveCfg = Release|Any CPU
		{F95DA981-B7D6-45A1-AB12-390489ECC57B}.Release|x64.Build.0 = Release|Any CPU
		{F95DA981-B7D6-45A1-AB12-390489ECC57B}.Release|x86.ActiveCfg = Release|Any CPU
		{F95DA981-B7D6-45A1-AB12-390489ECC57B}.Release|x86.Build.0 = Release|Any CPU
		{05D226F6-E0A6-4CB9-91F4-5A709D16CCCB}.Debug|Any CPU.ActiveCfg = Debug|Any CPU
		{05D226F6-E0A6-4CB9-91F4-5A709D16CCCB}.Debug|Any CPU.Build.0 = Debug|Any CPU
		{05D226F6-E0A6-4CB9-91F4-5A709D16CCCB}.Debug|x64.ActiveCfg = Debug|Any CPU
		{05D226F6-E0A6-4CB9-91F4-5A709D16CCCB}.Debug|x64.Build.0 = Debug|Any CPU
		{05D226F6-E0A6-4CB9-91F4-5A709D16CCCB}.Debug|x86.ActiveCfg = Debug|Any CPU
		{05D226F6-E0A6-4CB9-91F4-5A709D16CCCB}.Debug|x86.Build.0 = Debug|Any CPU
		{05D226F6-E0A6-4CB9-91F4-5A709D16CCCB}.Release|Any CPU.ActiveCfg = Release|Any CPU
		{05D226F6-E0A6-4CB9-91F4-5A709D16CCCB}.Release|Any CPU.Build.0 = Release|Any CPU
		{05D226F6-E0A6-4CB9-91F4-5A709D16CCCB}.Release|x64.ActiveCfg = Release|Any CPU
		{05D226F6-E0A6-4CB9-91F4-5A709D16CCCB}.Release|x64.Build.0 = Release|Any CPU
		{05D226F6-E0A6-4CB9-91F4-5A709D16CCCB}.Release|x86.ActiveCfg = Release|Any CPU
		{05D226F6-E0A6-4CB9-91F4-5A709D16CCCB}.Release|x86.Build.0 = Release|Any CPU
		{BE0C448E-F3DD-444B-BFAF-54DAD9D62B14}.Debug|Any CPU.ActiveCfg = Debug|Any CPU
		{BE0C448E-F3DD-444B-BFAF-54DAD9D62B14}.Debug|Any CPU.Build.0 = Debug|Any CPU
		{BE0C448E-F3DD-444B-BFAF-54DAD9D62B14}.Debug|x64.ActiveCfg = Debug|Any CPU
		{BE0C448E-F3DD-444B-BFAF-54DAD9D62B14}.Debug|x64.Build.0 = Debug|Any CPU
		{BE0C448E-F3DD-444B-BFAF-54DAD9D62B14}.Debug|x86.ActiveCfg = Debug|Any CPU
		{BE0C448E-F3DD-444B-BFAF-54DAD9D62B14}.Debug|x86.Build.0 = Debug|Any CPU
		{BE0C448E-F3DD-444B-BFAF-54DAD9D62B14}.Release|Any CPU.ActiveCfg = Release|Any CPU
		{BE0C448E-F3DD-444B-BFAF-54DAD9D62B14}.Release|Any CPU.Build.0 = Release|Any CPU
		{BE0C448E-F3DD-444B-BFAF-54DAD9D62B14}.Release|x64.ActiveCfg = Release|Any CPU
		{BE0C448E-F3DD-444B-BFAF-54DAD9D62B14}.Release|x64.Build.0 = Release|Any CPU
		{BE0C448E-F3DD-444B-BFAF-54DAD9D62B14}.Release|x86.ActiveCfg = Release|Any CPU
		{BE0C448E-F3DD-444B-BFAF-54DAD9D62B14}.Release|x86.Build.0 = Release|Any CPU
		{C37AAB75-B536-4239-8A7B-7F441D37C1A4}.Debug|Any CPU.ActiveCfg = Debug|Any CPU
		{C37AAB75-B536-4239-8A7B-7F441D37C1A4}.Debug|Any CPU.Build.0 = Debug|Any CPU
		{C37AAB75-B536-4239-8A7B-7F441D37C1A4}.Debug|x64.ActiveCfg = Debug|Any CPU
		{C37AAB75-B536-4239-8A7B-7F441D37C1A4}.Debug|x64.Build.0 = Debug|Any CPU
		{C37AAB75-B536-4239-8A7B-7F441D37C1A4}.Debug|x86.ActiveCfg = Debug|Any CPU
		{C37AAB75-B536-4239-8A7B-7F441D37C1A4}.Debug|x86.Build.0 = Debug|Any CPU
		{C37AAB75-B536-4239-8A7B-7F441D37C1A4}.Release|Any CPU.ActiveCfg = Release|Any CPU
		{C37AAB75-B536-4239-8A7B-7F441D37C1A4}.Release|Any CPU.Build.0 = Release|Any CPU
		{C37AAB75-B536-4239-8A7B-7F441D37C1A4}.Release|x64.ActiveCfg = Release|Any CPU
		{C37AAB75-B536-4239-8A7B-7F441D37C1A4}.Release|x64.Build.0 = Release|Any CPU
		{C37AAB75-B536-4239-8A7B-7F441D37C1A4}.Release|x86.ActiveCfg = Release|Any CPU
		{C37AAB75-B536-4239-8A7B-7F441D37C1A4}.Release|x86.Build.0 = Release|Any CPU
		{12BC2B57-D9B4-43B9-B3AE-02424003C1D9}.Debug|Any CPU.ActiveCfg = Debug|Any CPU
		{12BC2B57-D9B4-43B9-B3AE-02424003C1D9}.Debug|Any CPU.Build.0 = Debug|Any CPU
		{12BC2B57-D9B4-43B9-B3AE-02424003C1D9}.Debug|x64.ActiveCfg = Debug|Any CPU
		{12BC2B57-D9B4-43B9-B3AE-02424003C1D9}.Debug|x64.Build.0 = Debug|Any CPU
		{12BC2B57-D9B4-43B9-B3AE-02424003C1D9}.Debug|x86.ActiveCfg = Debug|Any CPU
		{12BC2B57-D9B4-43B9-B3AE-02424003C1D9}.Debug|x86.Build.0 = Debug|Any CPU
		{12BC2B57-D9B4-43B9-B3AE-02424003C1D9}.Release|Any CPU.ActiveCfg = Release|Any CPU
		{12BC2B57-D9B4-43B9-B3AE-02424003C1D9}.Release|Any CPU.Build.0 = Release|Any CPU
		{12BC2B57-D9B4-43B9-B3AE-02424003C1D9}.Release|x64.ActiveCfg = Release|Any CPU
		{12BC2B57-D9B4-43B9-B3AE-02424003C1D9}.Release|x64.Build.0 = Release|Any CPU
		{12BC2B57-D9B4-43B9-B3AE-02424003C1D9}.Release|x86.ActiveCfg = Release|Any CPU
		{12BC2B57-D9B4-43B9-B3AE-02424003C1D9}.Release|x86.Build.0 = Release|Any CPU
		{F87366C0-5988-4FD9-A3A3-3E1499CB026E}.Debug|Any CPU.ActiveCfg = Debug|Any CPU
		{F87366C0-5988-4FD9-A3A3-3E1499CB026E}.Debug|Any CPU.Build.0 = Debug|Any CPU
		{F87366C0-5988-4FD9-A3A3-3E1499CB026E}.Debug|x64.ActiveCfg = Debug|Any CPU
		{F87366C0-5988-4FD9-A3A3-3E1499CB026E}.Debug|x64.Build.0 = Debug|Any CPU
		{F87366C0-5988-4FD9-A3A3-3E1499CB026E}.Debug|x86.ActiveCfg = Debug|Any CPU
		{F87366C0-5988-4FD9-A3A3-3E1499CB026E}.Debug|x86.Build.0 = Debug|Any CPU
		{F87366C0-5988-4FD9-A3A3-3E1499CB026E}.Release|Any CPU.ActiveCfg = Release|Any CPU
		{F87366C0-5988-4FD9-A3A3-3E1499CB026E}.Release|Any CPU.Build.0 = Release|Any CPU
		{F87366C0-5988-4FD9-A3A3-3E1499CB026E}.Release|x64.ActiveCfg = Release|Any CPU
		{F87366C0-5988-4FD9-A3A3-3E1499CB026E}.Release|x64.Build.0 = Release|Any CPU
		{F87366C0-5988-4FD9-A3A3-3E1499CB026E}.Release|x86.ActiveCfg = Release|Any CPU
		{F87366C0-5988-4FD9-A3A3-3E1499CB026E}.Release|x86.Build.0 = Release|Any CPU
		{D41A5FD5-B15F-484B-AAA3-CA7454004727}.Debug|Any CPU.ActiveCfg = Debug|Any CPU
		{D41A5FD5-B15F-484B-AAA3-CA7454004727}.Debug|Any CPU.Build.0 = Debug|Any CPU
		{D41A5FD5-B15F-484B-AAA3-CA7454004727}.Debug|x64.ActiveCfg = Debug|Any CPU
		{D41A5FD5-B15F-484B-AAA3-CA7454004727}.Debug|x64.Build.0 = Debug|Any CPU
		{D41A5FD5-B15F-484B-AAA3-CA7454004727}.Debug|x86.ActiveCfg = Debug|Any CPU
		{D41A5FD5-B15F-484B-AAA3-CA7454004727}.Debug|x86.Build.0 = Debug|Any CPU
		{D41A5FD5-B15F-484B-AAA3-CA7454004727}.Release|Any CPU.ActiveCfg = Release|Any CPU
		{D41A5FD5-B15F-484B-AAA3-CA7454004727}.Release|Any CPU.Build.0 = Release|Any CPU
		{D41A5FD5-B15F-484B-AAA3-CA7454004727}.Release|x64.ActiveCfg = Release|Any CPU
		{D41A5FD5-B15F-484B-AAA3-CA7454004727}.Release|x64.Build.0 = Release|Any CPU
		{D41A5FD5-B15F-484B-AAA3-CA7454004727}.Release|x86.ActiveCfg = Release|Any CPU
		{D41A5FD5-B15F-484B-AAA3-CA7454004727}.Release|x86.Build.0 = Release|Any CPU
		{F61AC6DB-8B0F-41F1-9B11-2DD4DE9326B8}.Debug|Any CPU.ActiveCfg = Debug|Any CPU
		{F61AC6DB-8B0F-41F1-9B11-2DD4DE9326B8}.Debug|Any CPU.Build.0 = Debug|Any CPU
		{F61AC6DB-8B0F-41F1-9B11-2DD4DE9326B8}.Debug|x64.ActiveCfg = Debug|Any CPU
		{F61AC6DB-8B0F-41F1-9B11-2DD4DE9326B8}.Debug|x64.Build.0 = Debug|Any CPU
		{F61AC6DB-8B0F-41F1-9B11-2DD4DE9326B8}.Debug|x86.ActiveCfg = Debug|Any CPU
		{F61AC6DB-8B0F-41F1-9B11-2DD4DE9326B8}.Debug|x86.Build.0 = Debug|Any CPU
		{F61AC6DB-8B0F-41F1-9B11-2DD4DE9326B8}.Release|Any CPU.ActiveCfg = Release|Any CPU
		{F61AC6DB-8B0F-41F1-9B11-2DD4DE9326B8}.Release|Any CPU.Build.0 = Release|Any CPU
		{F61AC6DB-8B0F-41F1-9B11-2DD4DE9326B8}.Release|x64.ActiveCfg = Release|Any CPU
		{F61AC6DB-8B0F-41F1-9B11-2DD4DE9326B8}.Release|x64.Build.0 = Release|Any CPU
		{F61AC6DB-8B0F-41F1-9B11-2DD4DE9326B8}.Release|x86.ActiveCfg = Release|Any CPU
		{F61AC6DB-8B0F-41F1-9B11-2DD4DE9326B8}.Release|x86.Build.0 = Release|Any CPU
		{55534AE7-A127-4625-A874-62DEF8CD2C70}.Debug|Any CPU.ActiveCfg = Debug|Any CPU
		{55534AE7-A127-4625-A874-62DEF8CD2C70}.Debug|Any CPU.Build.0 = Debug|Any CPU
		{55534AE7-A127-4625-A874-62DEF8CD2C70}.Debug|x64.ActiveCfg = Debug|Any CPU
		{55534AE7-A127-4625-A874-62DEF8CD2C70}.Debug|x64.Build.0 = Debug|Any CPU
		{55534AE7-A127-4625-A874-62DEF8CD2C70}.Debug|x86.ActiveCfg = Debug|Any CPU
		{55534AE7-A127-4625-A874-62DEF8CD2C70}.Debug|x86.Build.0 = Debug|Any CPU
		{55534AE7-A127-4625-A874-62DEF8CD2C70}.Release|Any CPU.ActiveCfg = Release|Any CPU
		{55534AE7-A127-4625-A874-62DEF8CD2C70}.Release|Any CPU.Build.0 = Release|Any CPU
		{55534AE7-A127-4625-A874-62DEF8CD2C70}.Release|x64.ActiveCfg = Release|Any CPU
		{55534AE7-A127-4625-A874-62DEF8CD2C70}.Release|x64.Build.0 = Release|Any CPU
		{55534AE7-A127-4625-A874-62DEF8CD2C70}.Release|x86.ActiveCfg = Release|Any CPU
		{55534AE7-A127-4625-A874-62DEF8CD2C70}.Release|x86.Build.0 = Release|Any CPU
		{FED86245-1CD4-4E76-BE8F-55BFAECB8FF6}.Debug|Any CPU.ActiveCfg = Debug|Any CPU
		{FED86245-1CD4-4E76-BE8F-55BFAECB8FF6}.Debug|Any CPU.Build.0 = Debug|Any CPU
		{FED86245-1CD4-4E76-BE8F-55BFAECB8FF6}.Debug|x64.ActiveCfg = Debug|Any CPU
		{FED86245-1CD4-4E76-BE8F-55BFAECB8FF6}.Debug|x64.Build.0 = Debug|Any CPU
		{FED86245-1CD4-4E76-BE8F-55BFAECB8FF6}.Debug|x86.ActiveCfg = Debug|Any CPU
		{FED86245-1CD4-4E76-BE8F-55BFAECB8FF6}.Debug|x86.Build.0 = Debug|Any CPU
		{FED86245-1CD4-4E76-BE8F-55BFAECB8FF6}.Release|Any CPU.ActiveCfg = Release|Any CPU
		{FED86245-1CD4-4E76-BE8F-55BFAECB8FF6}.Release|Any CPU.Build.0 = Release|Any CPU
		{FED86245-1CD4-4E76-BE8F-55BFAECB8FF6}.Release|x64.ActiveCfg = Release|Any CPU
		{FED86245-1CD4-4E76-BE8F-55BFAECB8FF6}.Release|x64.Build.0 = Release|Any CPU
		{FED86245-1CD4-4E76-BE8F-55BFAECB8FF6}.Release|x86.ActiveCfg = Release|Any CPU
		{FED86245-1CD4-4E76-BE8F-55BFAECB8FF6}.Release|x86.Build.0 = Release|Any CPU
		{AE9EB76D-5549-4A73-AEB3-0A1F03D745BC}.Debug|Any CPU.ActiveCfg = Debug|Any CPU
		{AE9EB76D-5549-4A73-AEB3-0A1F03D745BC}.Debug|Any CPU.Build.0 = Debug|Any CPU
		{AE9EB76D-5549-4A73-AEB3-0A1F03D745BC}.Debug|x64.ActiveCfg = Debug|Any CPU
		{AE9EB76D-5549-4A73-AEB3-0A1F03D745BC}.Debug|x64.Build.0 = Debug|Any CPU
		{AE9EB76D-5549-4A73-AEB3-0A1F03D745BC}.Debug|x86.ActiveCfg = Debug|Any CPU
		{AE9EB76D-5549-4A73-AEB3-0A1F03D745BC}.Debug|x86.Build.0 = Debug|Any CPU
		{AE9EB76D-5549-4A73-AEB3-0A1F03D745BC}.Release|Any CPU.ActiveCfg = Release|Any CPU
		{AE9EB76D-5549-4A73-AEB3-0A1F03D745BC}.Release|Any CPU.Build.0 = Release|Any CPU
		{AE9EB76D-5549-4A73-AEB3-0A1F03D745BC}.Release|x64.ActiveCfg = Release|Any CPU
		{AE9EB76D-5549-4A73-AEB3-0A1F03D745BC}.Release|x64.Build.0 = Release|Any CPU
		{AE9EB76D-5549-4A73-AEB3-0A1F03D745BC}.Release|x86.ActiveCfg = Release|Any CPU
		{AE9EB76D-5549-4A73-AEB3-0A1F03D745BC}.Release|x86.Build.0 = Release|Any CPU
		{5506A221-32C6-4C14-A601-600E7D19389F}.Debug|Any CPU.ActiveCfg = Debug|Any CPU
		{5506A221-32C6-4C14-A601-600E7D19389F}.Debug|Any CPU.Build.0 = Debug|Any CPU
		{5506A221-32C6-4C14-A601-600E7D19389F}.Debug|x64.ActiveCfg = Debug|Any CPU
		{5506A221-32C6-4C14-A601-600E7D19389F}.Debug|x64.Build.0 = Debug|Any CPU
		{5506A221-32C6-4C14-A601-600E7D19389F}.Debug|x86.ActiveCfg = Debug|Any CPU
		{5506A221-32C6-4C14-A601-600E7D19389F}.Debug|x86.Build.0 = Debug|Any CPU
		{5506A221-32C6-4C14-A601-600E7D19389F}.Release|Any CPU.ActiveCfg = Release|Any CPU
		{5506A221-32C6-4C14-A601-600E7D19389F}.Release|Any CPU.Build.0 = Release|Any CPU
		{5506A221-32C6-4C14-A601-600E7D19389F}.Release|x64.ActiveCfg = Release|Any CPU
		{5506A221-32C6-4C14-A601-600E7D19389F}.Release|x64.Build.0 = Release|Any CPU
		{5506A221-32C6-4C14-A601-600E7D19389F}.Release|x86.ActiveCfg = Release|Any CPU
		{5506A221-32C6-4C14-A601-600E7D19389F}.Release|x86.Build.0 = Release|Any CPU
		{2B798920-581F-4AE5-86FA-05C0B91D7767}.Debug|Any CPU.ActiveCfg = Debug|Any CPU
		{2B798920-581F-4AE5-86FA-05C0B91D7767}.Debug|Any CPU.Build.0 = Debug|Any CPU
		{2B798920-581F-4AE5-86FA-05C0B91D7767}.Debug|x64.ActiveCfg = Debug|Any CPU
		{2B798920-581F-4AE5-86FA-05C0B91D7767}.Debug|x64.Build.0 = Debug|Any CPU
		{2B798920-581F-4AE5-86FA-05C0B91D7767}.Debug|x86.ActiveCfg = Debug|Any CPU
		{2B798920-581F-4AE5-86FA-05C0B91D7767}.Debug|x86.Build.0 = Debug|Any CPU
		{2B798920-581F-4AE5-86FA-05C0B91D7767}.Release|Any CPU.ActiveCfg = Release|Any CPU
		{2B798920-581F-4AE5-86FA-05C0B91D7767}.Release|Any CPU.Build.0 = Release|Any CPU
		{2B798920-581F-4AE5-86FA-05C0B91D7767}.Release|x64.ActiveCfg = Release|Any CPU
		{2B798920-581F-4AE5-86FA-05C0B91D7767}.Release|x64.Build.0 = Release|Any CPU
		{2B798920-581F-4AE5-86FA-05C0B91D7767}.Release|x86.ActiveCfg = Release|Any CPU
		{2B798920-581F-4AE5-86FA-05C0B91D7767}.Release|x86.Build.0 = Release|Any CPU
		{6930BCB3-241E-4986-8CC8-DDF84D535B0C}.Debug|Any CPU.ActiveCfg = Debug|Any CPU
		{6930BCB3-241E-4986-8CC8-DDF84D535B0C}.Debug|Any CPU.Build.0 = Debug|Any CPU
		{6930BCB3-241E-4986-8CC8-DDF84D535B0C}.Debug|x64.ActiveCfg = Debug|Any CPU
		{6930BCB3-241E-4986-8CC8-DDF84D535B0C}.Debug|x64.Build.0 = Debug|Any CPU
		{6930BCB3-241E-4986-8CC8-DDF84D535B0C}.Debug|x86.ActiveCfg = Debug|Any CPU
		{6930BCB3-241E-4986-8CC8-DDF84D535B0C}.Debug|x86.Build.0 = Debug|Any CPU
		{6930BCB3-241E-4986-8CC8-DDF84D535B0C}.Release|Any CPU.ActiveCfg = Release|Any CPU
		{6930BCB3-241E-4986-8CC8-DDF84D535B0C}.Release|Any CPU.Build.0 = Release|Any CPU
		{6930BCB3-241E-4986-8CC8-DDF84D535B0C}.Release|x64.ActiveCfg = Release|Any CPU
		{6930BCB3-241E-4986-8CC8-DDF84D535B0C}.Release|x64.Build.0 = Release|Any CPU
		{6930BCB3-241E-4986-8CC8-DDF84D535B0C}.Release|x86.ActiveCfg = Release|Any CPU
		{6930BCB3-241E-4986-8CC8-DDF84D535B0C}.Release|x86.Build.0 = Release|Any CPU
	EndGlobalSection
	GlobalSection(SolutionProperties) = preSolution
		HideSolutionNode = FALSE
	EndGlobalSection
	GlobalSection(NestedProjects) = preSolution
		{26E49992-42E1-42FB-9B3E-1F29B7C3D32A} = {5569CF44-1804-4ECD-9326-6F085F51CC53}
		{F95DA981-B7D6-45A1-AB12-390489ECC57B} = {5569CF44-1804-4ECD-9326-6F085F51CC53}
		{05D226F6-E0A6-4CB9-91F4-5A709D16CCCB} = {5569CF44-1804-4ECD-9326-6F085F51CC53}
		{BE0C448E-F3DD-444B-BFAF-54DAD9D62B14} = {5569CF44-1804-4ECD-9326-6F085F51CC53}
		{C37AAB75-B536-4239-8A7B-7F441D37C1A4} = {5569CF44-1804-4ECD-9326-6F085F51CC53}
		{12BC2B57-D9B4-43B9-B3AE-02424003C1D9} = {5569CF44-1804-4ECD-9326-6F085F51CC53}
		{F87366C0-5988-4FD9-A3A3-3E1499CB026E} = {D1C5C7E1-7DCC-4AB3-8D49-8F8DE13F621C}
		{D41A5FD5-B15F-484B-AAA3-CA7454004727} = {D1C5C7E1-7DCC-4AB3-8D49-8F8DE13F621C}
		{F61AC6DB-8B0F-41F1-9B11-2DD4DE9326B8} = {D1C5C7E1-7DCC-4AB3-8D49-8F8DE13F621C}
		{55534AE7-A127-4625-A874-62DEF8CD2C70} = {D1C5C7E1-7DCC-4AB3-8D49-8F8DE13F621C}
		{FED86245-1CD4-4E76-BE8F-55BFAECB8FF6} = {D1C5C7E1-7DCC-4AB3-8D49-8F8DE13F621C}
		{AE9EB76D-5549-4A73-AEB3-0A1F03D745BC} = {D1C5C7E1-7DCC-4AB3-8D49-8F8DE13F621C}
		{D5F93811-800F-43D6-B8C4-6809E30DFEA9} = {7D99DDBA-7728-4654-A910-01D259EA90C3}
		{5506A221-32C6-4C14-A601-600E7D19389F} = {D5F93811-800F-43D6-B8C4-6809E30DFEA9}
		{2B798920-581F-4AE5-86FA-05C0B91D7767} = {7879BE43-B454-4F35-B703-F256681D4F34}
		{7879BE43-B454-4F35-B703-F256681D4F34} = {7D99DDBA-7728-4654-A910-01D259EA90C3}
		{6930BCB3-241E-4986-8CC8-DDF84D535B0C} = {D1C5C7E1-7DCC-4AB3-8D49-8F8DE13F621C}
	EndGlobalSection
	GlobalSection(ExtensibilityGlobals) = postSolution
		SolutionGuid = {AE16EEE2-DF8B-4E2E-89E9-6915A2A70E07}
	EndGlobalSection
EndGlobal
